{
  "version": 4,
  "terraform_version": "1.4.2",
  "serial": 573,
  "lineage": "1a7f0ac3-9eb4-8c2e-6b68-711b82dfe580",
  "outputs": {},
  "resources": [
    {
      "module": "module.bastion",
      "mode": "managed",
      "type": "aws_instance",
      "name": "bastion",
      "provider": "provider[\"registry.terraform.io/hashicorp/aws\"]",
      "instances": [
        {
          "schema_version": 1,
          "attributes": {
            "ami": "ami-0d767e966f3458eb5",
            "arn": "arn:aws:ec2:eu-west-3:468887949677:instance/i-0182118fc85fded9d",
            "associate_public_ip_address": true,
            "availability_zone": "eu-west-3b",
            "capacity_reservation_specification": [
              {
                "capacity_reservation_preference": "open",
                "capacity_reservation_target": []
              }
            ],
            "cpu_core_count": 1,
            "cpu_options": [
              {
                "amd_sev_snp": "",
                "core_count": 1,
                "threads_per_core": 1
              }
            ],
            "cpu_threads_per_core": 1,
            "credit_specification": [
              {
                "cpu_credits": "standard"
              }
            ],
            "disable_api_stop": false,
            "disable_api_termination": false,
            "ebs_block_device": [],
            "ebs_optimized": false,
            "enclave_options": [
              {
                "enabled": false
              }
            ],
            "ephemeral_block_device": [],
            "get_password_data": false,
            "hibernation": false,
            "host_id": "",
            "host_resource_group_arn": null,
            "iam_instance_profile": "",
            "id": "i-0182118fc85fded9d",
            "instance_initiated_shutdown_behavior": "stop",
            "instance_lifecycle": "",
            "instance_market_options": [],
            "instance_state": "running",
            "instance_type": "t2.micro",
            "ipv6_address_count": 0,
            "ipv6_addresses": [],
            "key_name": "lington_key",
            "launch_template": [],
            "maintenance_options": [
              {
                "auto_recovery": "default"
              }
            ],
            "metadata_options": [
              {
                "http_endpoint": "enabled",
                "http_protocol_ipv6": "disabled",
                "http_put_response_hop_limit": 1,
                "http_tokens": "optional",
                "instance_metadata_tags": "disabled"
              }
            ],
            "monitoring": false,
            "network_interface": [],
            "outpost_arn": "",
            "password_data": "",
            "placement_group": "",
            "placement_partition_number": 0,
            "primary_network_interface_id": "eni-07ba7e03cb6596d9a",
            "private_dns": "ip-10-0-2-106.eu-west-3.compute.internal",
            "private_dns_name_options": [
              {
                "enable_resource_name_dns_a_record": false,
                "enable_resource_name_dns_aaaa_record": false,
                "hostname_type": "ip-name"
              }
            ],
            "private_ip": "10.0.2.106",
            "public_dns": "",
            "public_ip": "13.36.239.209",
            "root_block_device": [
              {
                "delete_on_termination": true,
                "device_name": "/dev/sda1",
                "encrypted": false,
                "iops": 100,
                "kms_key_id": "",
                "tags": {},
                "throughput": 0,
                "volume_id": "vol-0596eab2209fbd44c",
                "volume_size": 10,
                "volume_type": "gp2"
              }
            ],
            "secondary_private_ips": [],
            "security_groups": [],
            "source_dest_check": true,
            "spot_instance_request_id": "",
            "subnet_id": "subnet-09737c1fe5dd91757",
            "tags": {
              "Name": "bastion-server"
            },
            "tags_all": {
              "Name": "bastion-server"
            },
            "tenancy": "default",
            "timeouts": null,
            "user_data": "6aef448e3f9316e9bcfb22c63fc6960cab1dc47a",
            "user_data_base64": null,
            "user_data_replace_on_change": false,
            "volume_tags": null,
            "vpc_security_group_ids": [
              "sg-083000527988a1775"
            ]
          },
          "sensitive_attributes": [
            [
              {
                "type": "get_attr",
                "value": "user_data"
              }
            ]
          ],
          "private": "eyJlMmJmYjczMC1lY2FhLTExZTYtOGY4OC0zNDM2M2JjN2M0YzAiOnsiY3JlYXRlIjo2MDAwMDAwMDAwMDAsImRlbGV0ZSI6MTIwMDAwMDAwMDAwMCwidXBkYXRlIjo2MDAwMDAwMDAwMDB9LCJzY2hlbWFfdmVyc2lvbiI6IjEifQ==",
          "dependencies": [
            "module.keypair.aws_key_pair.Keypair_pub",
            "module.keypair.tls_private_key.Keypair",
            "module.vpc.aws_security_group.Bastion-Ansible_SG",
            "module.vpc.aws_subnet.pub-sn-02",
            "module.vpc.aws_vpc.vpc"
          ]
        }
      ]
    },
    {
      "module": "module.jenkins",
      "mode": "managed",
      "type": "aws_instance",
      "name": "jenkins-server",
      "provider": "provider[\"registry.terraform.io/hashicorp/aws\"]",
      "instances": [
        {
          "schema_version": 1,
          "attributes": {
            "ami": "ami-0d767e966f3458eb5",
            "arn": "arn:aws:ec2:eu-west-3:468887949677:instance/i-02490e2c18e75fec6",
            "associate_public_ip_address": false,
            "availability_zone": "eu-west-3a",
            "capacity_reservation_specification": [
              {
                "capacity_reservation_preference": "open",
                "capacity_reservation_target": []
              }
            ],
            "cpu_core_count": 2,
            "cpu_options": [
              {
                "amd_sev_snp": "",
                "core_count": 2,
                "threads_per_core": 1
              }
            ],
            "cpu_threads_per_core": 1,
            "credit_specification": [
              {
                "cpu_credits": "standard"
              }
            ],
            "disable_api_stop": false,
            "disable_api_termination": false,
            "ebs_block_device": [],
            "ebs_optimized": false,
            "enclave_options": [
              {
                "enabled": false
              }
            ],
            "ephemeral_block_device": [],
            "get_password_data": false,
            "hibernation": false,
            "host_id": "",
            "host_resource_group_arn": null,
            "iam_instance_profile": "",
            "id": "i-02490e2c18e75fec6",
            "instance_initiated_shutdown_behavior": "stop",
            "instance_lifecycle": "",
            "instance_market_options": [],
            "instance_state": "running",
            "instance_type": "t2.medium",
            "ipv6_address_count": 0,
            "ipv6_addresses": [],
            "key_name": "lington_key",
            "launch_template": [],
            "maintenance_options": [
              {
                "auto_recovery": "default"
              }
            ],
            "metadata_options": [
              {
                "http_endpoint": "enabled",
                "http_protocol_ipv6": "disabled",
                "http_put_response_hop_limit": 1,
                "http_tokens": "optional",
                "instance_metadata_tags": "disabled"
              }
            ],
            "monitoring": false,
            "network_interface": [],
            "outpost_arn": "",
            "password_data": "",
            "placement_group": "",
            "placement_partition_number": 0,
            "primary_network_interface_id": "eni-06075c61daf274031",
            "private_dns": "ip-10-0-3-106.eu-west-3.compute.internal",
            "private_dns_name_options": [
              {
                "enable_resource_name_dns_a_record": false,
                "enable_resource_name_dns_aaaa_record": false,
                "hostname_type": "ip-name"
              }
            ],
            "private_ip": "10.0.3.106",
            "public_dns": "",
            "public_ip": "",
            "root_block_device": [
              {
                "delete_on_termination": true,
                "device_name": "/dev/sda1",
                "encrypted": false,
                "iops": 100,
                "kms_key_id": "",
                "tags": {},
                "throughput": 0,
                "volume_id": "vol-0a6be70d89c1ffaa3",
                "volume_size": 10,
                "volume_type": "gp2"
              }
            ],
            "secondary_private_ips": [],
            "security_groups": [],
            "source_dest_check": true,
            "spot_instance_request_id": "",
            "subnet_id": "subnet-01f8322ee4d1afc4d",
            "tags": {
              "Name": "jenkins-server"
            },
            "tags_all": {
              "Name": "jenkins-server"
            },
            "tenancy": "default",
            "timeouts": null,
            "user_data": "c7570dde85fbc2c1f1e77a39d8d77a89ea2a06b8",
            "user_data_base64": null,
            "user_data_replace_on_change": false,
            "volume_tags": null,
            "vpc_security_group_ids": [
              "sg-05fb88d8b68951c68"
            ]
          },
          "sensitive_attributes": [],
          "private": "eyJlMmJmYjczMC1lY2FhLTExZTYtOGY4OC0zNDM2M2JjN2M0YzAiOnsiY3JlYXRlIjo2MDAwMDAwMDAwMDAsImRlbGV0ZSI6MTIwMDAwMDAwMDAwMCwidXBkYXRlIjo2MDAwMDAwMDAwMDB9LCJzY2hlbWFfdmVyc2lvbiI6IjEifQ==",
          "dependencies": [
            "module.keypair.aws_key_pair.Keypair_pub",
            "module.keypair.tls_private_key.Keypair",
            "module.vpc.aws_security_group.Jenkins_SG",
            "module.vpc.aws_subnet.prv-sn-01",
            "module.vpc.aws_vpc.vpc"
          ]
        }
      ]
    },
    {
      "module": "module.keypair",
      "mode": "managed",
      "type": "aws_key_pair",
      "name": "Keypair_pub",
      "provider": "provider[\"registry.terraform.io/hashicorp/aws\"]",
      "instances": [
        {
          "schema_version": 1,
          "attributes": {
            "arn": "arn:aws:ec2:eu-west-3:468887949677:key-pair/lington_key",
            "fingerprint": "97:37:88:cb:2c:93:c2:c0:dc:b2:d1:0c:c4:b9:63:e7",
            "id": "lington_key",
            "key_name": "lington_key",
            "key_name_prefix": "",
            "key_pair_id": "key-078147c20efef48b0",
            "key_type": "rsa",
            "public_key": "ssh-rsa AAAAB3NzaC1yc2EAAAADAQABAAACAQCXjACSY0KIko8KG6LijqK5E/rZ4VrbLp0/wCphVq6YnSB6q/GCmA532ZERIVqc64F6GFCAYDsYe8BKlywt3DiSd4yH5Pd+XHbVmAEXqlaQpNyLHL1sN9QKEMD/HqyE2Hnkz/l7MfDE5hHY/cRhLYVn2jhjGtzO7uBKvTav5KLKOeLtIncOPi/aVZc+gsnWPwcsQ8k1e1Ba3yqRMTKXLiw6yG2pCSJCgDt03AQi9W3w/WpT2dga5cRwWJJOe1RHt2JD6MOa4lJh/LQT2O9ujgLn+5KbLRw4vhGIZyBGpE2CUoh4yBF1xu5AZBwfY1Q58IufjI54Wyj4H/paZ4Wrq03zst5Tmc8owI9HESQQ7+xGM6WmZECqIFl1n47BEg89MNqCnvQUVWY65FTyUdPgfd08jbWoAsBJ696Whj6+9+sOfJ9+yM6sm/D7/65BAll+YHa905euiNUkVOW/qTVQMaOOtX16iQZ15+lRLoArhkdWtIqCMApsSa6PF7PaQrXaSr0HynVtadIKAVEyiwaoavkXKUQfhLdbPU/cEqSeuMeWFFauuvgfIut/yPxVd2MeOMBIBH3Xaiu9k5iULCFDkmpam0BuxVnJm58BiLTMT7SxY7RtbVY3hbHUeOQHHgbGRa+EXodJWxq9+UI29C1cYh/+818XBOFMDn0dd1To4ViJ3w==",
            "tags": null,
            "tags_all": {}
          },
          "sensitive_attributes": [],
          "private": "eyJzY2hlbWFfdmVyc2lvbiI6IjEifQ==",
          "dependencies": [
            "module.keypair.tls_private_key.Keypair"
          ]
        }
      ]
    },
    {
      "module": "module.keypair",
      "mode": "managed",
      "type": "local_file",
      "name": "Keypair_priv",
      "provider": "provider[\"registry.terraform.io/hashicorp/local\"]",
      "instances": [
        {
          "schema_version": 0,
          "attributes": {
            "content": "-----BEGIN RSA PRIVATE KEY-----\nMIIJKAIBAAKCAgEAl4wAkmNCiJKPChui4o6iuRP62eFa2y6dP8AqYVaumJ0geqvx\ngpgOd9mRESFanOuBehhQgGA7GHvASpcsLdw4kneMh+T3flx21ZgBF6pWkKTcixy9\nbDfUChDA/x6shNh55M/5ezHwxOYR2P3EYS2FZ9o4Yxrczu7gSr02r+Siyjni7SJ3\nDj4v2lWXPoLJ1j8HLEPJNXtQWt8qkTEyly4sOshtqQkiQoA7dNwEIvVt8P1qU9nY\nGuXEcFiSTntUR7diQ+jDmuJSYfy0E9jvbo4C5/uSmy0cOL4RiGcgRqRNglKIeMgR\ndcbuQGQcH2NUOfCLn4yOeFso+B/6WmeFq6tN87LeU5nPKMCPRxEkEO/sRjOlpmRA\nqiBZdZ+OwRIPPTDagp70FFVmOuRU8lHT4H3dPI21qALASeveloY+vvfrDnyffsjO\nrJvw+/+uQQJZfmB2vdOXrojVJFTlv6k1UDGjjrV9eokGdefpUS6AK4ZHVrSKgjAK\nbEmujxez2kK12kq9B8p1bWnSCgFRMosGqGr5FylEH4S3Wz1P3BKknrjHlhRWrrr4\nHyLrf8j8VXdjHjjASAR912orvZOYlCwhQ5JqWptAbsVZyZufAYi0zE+0sWO0bW1W\nN4Wx1HjkBx4GxkWvhF6HSVsavflCNvQtXGIf/vNfFwThTA59HXdU6OFYid8CAwEA\nAQKCAgAkhGfe3mw53Jb7KI2nahdr4ZSgy9zI1AKwSe3sZqbLv5ED/krD3UAfQR3j\nstXS2izo7tL3HDkhPTCoyKSsqFQ5dvU2CcZZfI5mCaq5uSIC2LcMDnDWkt1VT5Qx\n5YJMwJ0etb64IOCTkZzbXMrlX8K1s6/CscZjVsxVNiLnX4CamjhES/nERNfjFJzN\nQ1a/eZCQ6gSiDoTeYMgxFFnMdCPURlemU70dqSiqkBmvEtTbLTVh3yxjztn2+GDI\n6I72eQoEsyHvQHn5gpsh7TREv5OTstsw6T3TrnkrFS6B1zWWIa0g7ZTHfJgMjBL6\nvUSecYgzefsapVzJ7Wq2PhvHsg+mOpYsy69h/L0cQCsQHjxW3I45jipKYYXXd/6Q\n5nEl+JYOXIOKZf0iDMOxPeQxZZL/dCYcM/qMLpEdlpqZSu/HhR26HEXZnzJJmWCl\nvgh3uzPQ5g+AaKO770qqz388WSthy7I8WNXgOIqn0mOlJdyvIGxxP/DXtePi+26S\nmjEOFgqn9vHTH5IFGVHMjwwsWgUvbQ/DzMIermYRXDFKFhs11bbCx2RX2yImW+1A\nH+oorv3pyy/ryU98lDojk/elhc4gPIR8UebnvaLEzq+Q7Vn/HAW2l5ogFuTjFUCj\n9XXNCCI0thCGdmMaWHvYkKxJOCEkCcZfsmN2f/CqrasbApYdAQKCAQEAw2+cjCq6\nFiQpKFU1zXPyCgw0jOx5FpIyvHKoca3HHH9qNrCtk8eVOWLqsz+tUyZlaBBPD90S\n4PEasTu+bZw46yk4kVs4M2y9WpV36lK4i90hsn6YUqXaUZ2hacPcHOsynYgR53xl\nBtDKGs993UPx+rJJySP4G3aiGoXuEVcZ43HbbuWhBhItuRQggz1nm2eqPA4kcobW\nD7ajPrwW5VJoHHO+hcbj4wADrIu7D00SLPSoDdW7/jRwfjAB8M/vLtCaiQji8Rs4\n9uG0M7o2wYDO+msNXfLaBW3C7aSlDkpii92jY6bppPqu6aTrLJiojqTMsyDWa6fK\nm2C7in+cGLZKaQKCAQEAxoKRJ6Q17Rd0EKH64vs6mZDJTtZB9xmYg9KMvm9EH1BZ\nNWVEXWFOGVhBLKBm4gTUb/7TNW/KvKQk0T9v+vzVOr8rmTwc6wwDUawffG6v+9Zd\nuE4nMr7oLjr8XV4RYiWjC/ZQ2USqtmHsigmFTa9Gr4qkGZLP45c7EinN9rFbZI7m\n0e+aTuqUxWdAtCB6CBYSHCuXh1RjMScaL2xy9NSxttbembaPjdQd/YQeu2/o4e36\nmJtI6+m34nZzZaw3HxE5Bnf8jWIztvwHy/Wpk7tVeYyCmZ8ny2cubeDSh6q2PVVu\ndoMOan4y7QSCTdtZwKN2B4gFD3JsYqd+OUEO1M5ZBwKCAQEAsb8P/Tda+Yo32JPv\nFAXwy4ygOs9TreCXvmb1pjZr0hJcMpNruu0ZXhEF7rLqW6afMg8rKP1jDyyZnzn8\nDsq3xcE+zozNR5ANg5ZPctF7QNGEtUeIGBr5vaMEzCGzTqXm6fl4dzXe2F0Kg2nV\nSmliaiS/EO3i2G+ELWVDyYeTZxYFgg3c7p2X8i1JCLPPSDr3TBl8sqDJjY8JV6RP\nmo/hWoc2b4sddjZsIQEQx3DMKBD3y2VpzmA5M7tL+I3VNpnJAvsPFEQzAe7zKtyg\nsksJdB3rEVgvTCKw19wXtjCXAig5Uwfalg7dCGjS70OEgf+GoSArg8webESFLQi0\nmpEoiQKCAQB/tSwRJrGSsE35DVxMfne6p8z6rRiPEaZu2Bu3v/lBc/2QPm/260zF\nPWPgg+jsa1MIIhZbAGqbZbZR78/o1pOPUcGIuYWZKYdRGby/3q3VBJoSoiTRnsPc\nShJlNslULQZyAasNvAFfiCwWuf1KdwKwmC7uTOb1ciuMidx5Yqx7Svvv/4d0UbIY\nNU8JEwOvBBPuj5TSeVW/H3rXG5vxKoySJjXbCfncsqQAnujuiRZ3kxRu7SfCrf+g\n77dZp6tmjzvyj2qowo6moAmcC5Vm91QL+HtkvWFqmBzkj4ihww+u8bE5CSNTG5FD\nrmzuDbn2FrMuMTGgOGrGJR8tUk9qVL4tAoIBABpGCj1stRS8I6q9dnQ3T1HFUnXi\ncGcoJlNUZfPvlyrc7T3lrZV1EUB7SzAIPCg4M5dfCmp6LAJvBxXeIkq64t52JMh8\n0q6X5ERpdcCLiX0FwDts1RGT2DKwhHoIU/VRIIyG3azgPfRMXSoNM1mt3lN9AhwB\nWfSsuY2CpnB0NR0gcCgkajywD7q+ul9a8oRdfztLL6leKjSNzW0AXUlj+61DA+Sr\n8/VEZBvhq+CgTQTNYWj8LsOPXGcD1P118RgCWzdD98haQyQMS9hvsjdkJBpsKTqy\nRODaHSBICkLeod9KOe2rHq9u4pmo0tEVji1mUfImQ4/917n1XiBB24TlsRw=\n-----END RSA PRIVATE KEY-----\n",
            "content_base64": null,
            "content_base64sha256": "L3F8KhO8ZXcoS5dfMIZoP4blg/LKHr9Sw6g37lOKXZk=",
            "content_base64sha512": "TK5hMMJ3P7rMtj7c3cnA4IaJQenKQxYpo/3CZm2C2egrKQMoZjO5cKMI8GaFKYcqPucCx4Oj9NaVWZyl/1wR8Q==",
            "content_md5": "8093496547fce40b958b9ace797b5b0b",
            "content_sha1": "a5440b1d81f55d3c27976f88042202639309653d",
            "content_sha256": "2f717c2a13bc6577284b975f3086683f86e583f2ca1ebf52c3a837ee538a5d99",
            "content_sha512": "4cae6130c2773fbaccb63edcddc9c0e0868941e9ca431629a3fdc2666d82d9e82b2903286633b970a308f0668529872a3ee702c783a3f4d695599ca5ff5c11f1",
            "directory_permission": "0777",
            "file_permission": "600",
            "filename": "lington_key.pem",
            "id": "a5440b1d81f55d3c27976f88042202639309653d",
            "sensitive_content": null,
            "source": null
          },
          "sensitive_attributes": [
            [
              {
                "type": "get_attr",
                "value": "content"
              }
            ]
          ],
          "dependencies": [
            "module.keypair.tls_private_key.Keypair"
          ]
        }
      ]
    },
    {
      "module": "module.keypair",
      "mode": "managed",
      "type": "tls_private_key",
      "name": "Keypair",
      "provider": "provider[\"registry.terraform.io/hashicorp/tls\"]",
      "instances": [
        {
          "schema_version": 1,
          "attributes": {
            "algorithm": "RSA",
            "ecdsa_curve": "P224",
            "id": "867cf42dc2796357dd35c656b56b6406f5d6880d",
            "private_key_openssh": "-----BEGIN OPENSSH PRIVATE KEY-----\nb3BlbnNzaC1rZXktdjEAAAAABG5vbmUAAAAEbm9uZQAAAAAAAAABAAACFwAAAAdz\nc2gtcnNhAAAAAwEAAQAAAgEAl4wAkmNCiJKPChui4o6iuRP62eFa2y6dP8AqYVau\nmJ0geqvxgpgOd9mRESFanOuBehhQgGA7GHvASpcsLdw4kneMh+T3flx21ZgBF6pW\nkKTcixy9bDfUChDA/x6shNh55M/5ezHwxOYR2P3EYS2FZ9o4Yxrczu7gSr02r+Si\nyjni7SJ3Dj4v2lWXPoLJ1j8HLEPJNXtQWt8qkTEyly4sOshtqQkiQoA7dNwEIvVt\n8P1qU9nYGuXEcFiSTntUR7diQ+jDmuJSYfy0E9jvbo4C5/uSmy0cOL4RiGcgRqRN\nglKIeMgRdcbuQGQcH2NUOfCLn4yOeFso+B/6WmeFq6tN87LeU5nPKMCPRxEkEO/s\nRjOlpmRAqiBZdZ+OwRIPPTDagp70FFVmOuRU8lHT4H3dPI21qALASeveloY+vvfr\nDnyffsjOrJvw+/+uQQJZfmB2vdOXrojVJFTlv6k1UDGjjrV9eokGdefpUS6AK4ZH\nVrSKgjAKbEmujxez2kK12kq9B8p1bWnSCgFRMosGqGr5FylEH4S3Wz1P3BKknrjH\nlhRWrrr4HyLrf8j8VXdjHjjASAR912orvZOYlCwhQ5JqWptAbsVZyZufAYi0zE+0\nsWO0bW1WN4Wx1HjkBx4GxkWvhF6HSVsavflCNvQtXGIf/vNfFwThTA59HXdU6OFY\nid8AAAc4cUh0AXFIdAEAAAAHc3NoLXJzYQAAAgEAl4wAkmNCiJKPChui4o6iuRP6\n2eFa2y6dP8AqYVaumJ0geqvxgpgOd9mRESFanOuBehhQgGA7GHvASpcsLdw4kneM\nh+T3flx21ZgBF6pWkKTcixy9bDfUChDA/x6shNh55M/5ezHwxOYR2P3EYS2FZ9o4\nYxrczu7gSr02r+Siyjni7SJ3Dj4v2lWXPoLJ1j8HLEPJNXtQWt8qkTEyly4sOsht\nqQkiQoA7dNwEIvVt8P1qU9nYGuXEcFiSTntUR7diQ+jDmuJSYfy0E9jvbo4C5/uS\nmy0cOL4RiGcgRqRNglKIeMgRdcbuQGQcH2NUOfCLn4yOeFso+B/6WmeFq6tN87Le\nU5nPKMCPRxEkEO/sRjOlpmRAqiBZdZ+OwRIPPTDagp70FFVmOuRU8lHT4H3dPI21\nqALASeveloY+vvfrDnyffsjOrJvw+/+uQQJZfmB2vdOXrojVJFTlv6k1UDGjjrV9\neokGdefpUS6AK4ZHVrSKgjAKbEmujxez2kK12kq9B8p1bWnSCgFRMosGqGr5FylE\nH4S3Wz1P3BKknrjHlhRWrrr4HyLrf8j8VXdjHjjASAR912orvZOYlCwhQ5JqWptA\nbsVZyZufAYi0zE+0sWO0bW1WN4Wx1HjkBx4GxkWvhF6HSVsavflCNvQtXGIf/vNf\nFwThTA59HXdU6OFYid8AAAADAQABAAACACSEZ97ebDnclvsojadqF2vhlKDL3MjU\nArBJ7exmpsu/kQP+SsPdQB9BHeOy1dLaLOju0vccOSE9MKjIpKyoVDl29TYJxll8\njmYJqrm5IgLYtwwOcNaS3VVPlDHlgkzAnR61vrgg4JORnNtcyuVfwrWzr8KxxmNW\nzFU2IudfgJqaOERL+cRE1+MUnM1DVr95kJDqBKIOhN5gyDEUWcx0I9RGV6ZTvR2p\nKKqQGa8S1NstNWHfLGPO2fb4YMjojvZ5CgSzIe9AefmCmyHtNES/k5Oy2zDpPdOu\neSsVLoHXNZYhrSDtlMd8mAyMEvq9RJ5xiDN5+xqlXMntarY+G8eyD6Y6lizLr2H8\nvRxAKxAePFbcjjmOKkphhdd3/pDmcSX4lg5cg4pl/SIMw7E95DFlkv90Jhwz+owu\nkR2WmplK78eFHbocRdmfMkmZYKW+CHe7M9DmD4Boo7vvSqrPfzxZK2HLsjxY1eA4\niqfSY6Ul3K8gbHE/8Ne14+L7bpKaMQ4WCqf28dMfkgUZUcyPDCxaBS9tD8PMwh6u\nZhFcMUoWGzXVtsLHZFfbIiZb7UAf6iiu/enLL+vJT3yUOiOT96WFziA8hHxR5ue9\nosTOr5DtWf8cBbaXmiAW5OMVQKP1dc0IIjS2EIZ2YxpYe9iQrEk4ISQJxl+yY3Z/\n8KqtqxsClh0BAAABABpGCj1stRS8I6q9dnQ3T1HFUnXicGcoJlNUZfPvlyrc7T3l\nrZV1EUB7SzAIPCg4M5dfCmp6LAJvBxXeIkq64t52JMh80q6X5ERpdcCLiX0FwDts\n1RGT2DKwhHoIU/VRIIyG3azgPfRMXSoNM1mt3lN9AhwBWfSsuY2CpnB0NR0gcCgk\najywD7q+ul9a8oRdfztLL6leKjSNzW0AXUlj+61DA+Sr8/VEZBvhq+CgTQTNYWj8\nLsOPXGcD1P118RgCWzdD98haQyQMS9hvsjdkJBpsKTqyRODaHSBICkLeod9KOe2r\nHq9u4pmo0tEVji1mUfImQ4/917n1XiBB24TlsRwAAAEBAMNvnIwquhYkKShVNc1z\n8goMNIzseRaSMrxyqHGtxxx/ajawrZPHlTli6rM/rVMmZWgQTw/dEuDxGrE7vm2c\nOOspOJFbODNsvVqVd+pSuIvdIbJ+mFKl2lGdoWnD3BzrMp2IEed8ZQbQyhrPfd1D\n8fqySckj+Bt2ohqF7hFXGeNx227loQYSLbkUIIM9Z5tnqjwOJHKG1g+2oz68FuVS\naBxzvoXG4+MAA6yLuw9NEiz0qA3Vu/40cH4wAfDP7y7QmokI4vEbOPbhtDO6NsGA\nzvprDV3y2gVtwu2kpQ5KYovdo2Om6aT6rumk6yyYqI6kzLMg1munyptgu4p/nBi2\nSmkAAAEBAMaCkSekNe0XdBCh+uL7OpmQyU7WQfcZmIPSjL5vRB9QWTVlRF1hThlY\nQSygZuIE1G/+0zVvyrykJNE/b/r81Tq/K5k8HOsMA1GsH3xur/vWXbhOJzK+6C46\n/F1eEWIlowv2UNlEqrZh7IoJhU2vRq+KpBmSz+OXOxIpzfaxW2SO5tHvmk7qlMVn\nQLQgeggWEhwrl4dUYzEnGi9scvTUsbbW3pm2j43UHf2EHrtv6OHt+pibSOvpt+J2\nc2WsNx8ROQZ3/I1iM7b8B8v1qZO7VXmMgpmfJ8tnLm3g0oeqtj1VbnaDDmp+Mu0E\ngk3bWcCjdgeIBQ9ybGKnfjlBDtTOWQcAAAAAAQID\n-----END OPENSSH PRIVATE KEY-----\n",
            "private_key_pem": "-----BEGIN RSA PRIVATE KEY-----\nMIIJKAIBAAKCAgEAl4wAkmNCiJKPChui4o6iuRP62eFa2y6dP8AqYVaumJ0geqvx\ngpgOd9mRESFanOuBehhQgGA7GHvASpcsLdw4kneMh+T3flx21ZgBF6pWkKTcixy9\nbDfUChDA/x6shNh55M/5ezHwxOYR2P3EYS2FZ9o4Yxrczu7gSr02r+Siyjni7SJ3\nDj4v2lWXPoLJ1j8HLEPJNXtQWt8qkTEyly4sOshtqQkiQoA7dNwEIvVt8P1qU9nY\nGuXEcFiSTntUR7diQ+jDmuJSYfy0E9jvbo4C5/uSmy0cOL4RiGcgRqRNglKIeMgR\ndcbuQGQcH2NUOfCLn4yOeFso+B/6WmeFq6tN87LeU5nPKMCPRxEkEO/sRjOlpmRA\nqiBZdZ+OwRIPPTDagp70FFVmOuRU8lHT4H3dPI21qALASeveloY+vvfrDnyffsjO\nrJvw+/+uQQJZfmB2vdOXrojVJFTlv6k1UDGjjrV9eokGdefpUS6AK4ZHVrSKgjAK\nbEmujxez2kK12kq9B8p1bWnSCgFRMosGqGr5FylEH4S3Wz1P3BKknrjHlhRWrrr4\nHyLrf8j8VXdjHjjASAR912orvZOYlCwhQ5JqWptAbsVZyZufAYi0zE+0sWO0bW1W\nN4Wx1HjkBx4GxkWvhF6HSVsavflCNvQtXGIf/vNfFwThTA59HXdU6OFYid8CAwEA\nAQKCAgAkhGfe3mw53Jb7KI2nahdr4ZSgy9zI1AKwSe3sZqbLv5ED/krD3UAfQR3j\nstXS2izo7tL3HDkhPTCoyKSsqFQ5dvU2CcZZfI5mCaq5uSIC2LcMDnDWkt1VT5Qx\n5YJMwJ0etb64IOCTkZzbXMrlX8K1s6/CscZjVsxVNiLnX4CamjhES/nERNfjFJzN\nQ1a/eZCQ6gSiDoTeYMgxFFnMdCPURlemU70dqSiqkBmvEtTbLTVh3yxjztn2+GDI\n6I72eQoEsyHvQHn5gpsh7TREv5OTstsw6T3TrnkrFS6B1zWWIa0g7ZTHfJgMjBL6\nvUSecYgzefsapVzJ7Wq2PhvHsg+mOpYsy69h/L0cQCsQHjxW3I45jipKYYXXd/6Q\n5nEl+JYOXIOKZf0iDMOxPeQxZZL/dCYcM/qMLpEdlpqZSu/HhR26HEXZnzJJmWCl\nvgh3uzPQ5g+AaKO770qqz388WSthy7I8WNXgOIqn0mOlJdyvIGxxP/DXtePi+26S\nmjEOFgqn9vHTH5IFGVHMjwwsWgUvbQ/DzMIermYRXDFKFhs11bbCx2RX2yImW+1A\nH+oorv3pyy/ryU98lDojk/elhc4gPIR8UebnvaLEzq+Q7Vn/HAW2l5ogFuTjFUCj\n9XXNCCI0thCGdmMaWHvYkKxJOCEkCcZfsmN2f/CqrasbApYdAQKCAQEAw2+cjCq6\nFiQpKFU1zXPyCgw0jOx5FpIyvHKoca3HHH9qNrCtk8eVOWLqsz+tUyZlaBBPD90S\n4PEasTu+bZw46yk4kVs4M2y9WpV36lK4i90hsn6YUqXaUZ2hacPcHOsynYgR53xl\nBtDKGs993UPx+rJJySP4G3aiGoXuEVcZ43HbbuWhBhItuRQggz1nm2eqPA4kcobW\nD7ajPrwW5VJoHHO+hcbj4wADrIu7D00SLPSoDdW7/jRwfjAB8M/vLtCaiQji8Rs4\n9uG0M7o2wYDO+msNXfLaBW3C7aSlDkpii92jY6bppPqu6aTrLJiojqTMsyDWa6fK\nm2C7in+cGLZKaQKCAQEAxoKRJ6Q17Rd0EKH64vs6mZDJTtZB9xmYg9KMvm9EH1BZ\nNWVEXWFOGVhBLKBm4gTUb/7TNW/KvKQk0T9v+vzVOr8rmTwc6wwDUawffG6v+9Zd\nuE4nMr7oLjr8XV4RYiWjC/ZQ2USqtmHsigmFTa9Gr4qkGZLP45c7EinN9rFbZI7m\n0e+aTuqUxWdAtCB6CBYSHCuXh1RjMScaL2xy9NSxttbembaPjdQd/YQeu2/o4e36\nmJtI6+m34nZzZaw3HxE5Bnf8jWIztvwHy/Wpk7tVeYyCmZ8ny2cubeDSh6q2PVVu\ndoMOan4y7QSCTdtZwKN2B4gFD3JsYqd+OUEO1M5ZBwKCAQEAsb8P/Tda+Yo32JPv\nFAXwy4ygOs9TreCXvmb1pjZr0hJcMpNruu0ZXhEF7rLqW6afMg8rKP1jDyyZnzn8\nDsq3xcE+zozNR5ANg5ZPctF7QNGEtUeIGBr5vaMEzCGzTqXm6fl4dzXe2F0Kg2nV\nSmliaiS/EO3i2G+ELWVDyYeTZxYFgg3c7p2X8i1JCLPPSDr3TBl8sqDJjY8JV6RP\nmo/hWoc2b4sddjZsIQEQx3DMKBD3y2VpzmA5M7tL+I3VNpnJAvsPFEQzAe7zKtyg\nsksJdB3rEVgvTCKw19wXtjCXAig5Uwfalg7dCGjS70OEgf+GoSArg8webESFLQi0\nmpEoiQKCAQB/tSwRJrGSsE35DVxMfne6p8z6rRiPEaZu2Bu3v/lBc/2QPm/260zF\nPWPgg+jsa1MIIhZbAGqbZbZR78/o1pOPUcGIuYWZKYdRGby/3q3VBJoSoiTRnsPc\nShJlNslULQZyAasNvAFfiCwWuf1KdwKwmC7uTOb1ciuMidx5Yqx7Svvv/4d0UbIY\nNU8JEwOvBBPuj5TSeVW/H3rXG5vxKoySJjXbCfncsqQAnujuiRZ3kxRu7SfCrf+g\n77dZp6tmjzvyj2qowo6moAmcC5Vm91QL+HtkvWFqmBzkj4ihww+u8bE5CSNTG5FD\nrmzuDbn2FrMuMTGgOGrGJR8tUk9qVL4tAoIBABpGCj1stRS8I6q9dnQ3T1HFUnXi\ncGcoJlNUZfPvlyrc7T3lrZV1EUB7SzAIPCg4M5dfCmp6LAJvBxXeIkq64t52JMh8\n0q6X5ERpdcCLiX0FwDts1RGT2DKwhHoIU/VRIIyG3azgPfRMXSoNM1mt3lN9AhwB\nWfSsuY2CpnB0NR0gcCgkajywD7q+ul9a8oRdfztLL6leKjSNzW0AXUlj+61DA+Sr\n8/VEZBvhq+CgTQTNYWj8LsOPXGcD1P118RgCWzdD98haQyQMS9hvsjdkJBpsKTqy\nRODaHSBICkLeod9KOe2rHq9u4pmo0tEVji1mUfImQ4/917n1XiBB24TlsRw=\n-----END RSA PRIVATE KEY-----\n",
            "private_key_pem_pkcs8": "-----BEGIN PRIVATE KEY-----\nMIIJQgIBADANBgkqhkiG9w0BAQEFAASCCSwwggkoAgEAAoICAQCXjACSY0KIko8K\nG6LijqK5E/rZ4VrbLp0/wCphVq6YnSB6q/GCmA532ZERIVqc64F6GFCAYDsYe8BK\nlywt3DiSd4yH5Pd+XHbVmAEXqlaQpNyLHL1sN9QKEMD/HqyE2Hnkz/l7MfDE5hHY\n/cRhLYVn2jhjGtzO7uBKvTav5KLKOeLtIncOPi/aVZc+gsnWPwcsQ8k1e1Ba3yqR\nMTKXLiw6yG2pCSJCgDt03AQi9W3w/WpT2dga5cRwWJJOe1RHt2JD6MOa4lJh/LQT\n2O9ujgLn+5KbLRw4vhGIZyBGpE2CUoh4yBF1xu5AZBwfY1Q58IufjI54Wyj4H/pa\nZ4Wrq03zst5Tmc8owI9HESQQ7+xGM6WmZECqIFl1n47BEg89MNqCnvQUVWY65FTy\nUdPgfd08jbWoAsBJ696Whj6+9+sOfJ9+yM6sm/D7/65BAll+YHa905euiNUkVOW/\nqTVQMaOOtX16iQZ15+lRLoArhkdWtIqCMApsSa6PF7PaQrXaSr0HynVtadIKAVEy\niwaoavkXKUQfhLdbPU/cEqSeuMeWFFauuvgfIut/yPxVd2MeOMBIBH3Xaiu9k5iU\nLCFDkmpam0BuxVnJm58BiLTMT7SxY7RtbVY3hbHUeOQHHgbGRa+EXodJWxq9+UI2\n9C1cYh/+818XBOFMDn0dd1To4ViJ3wIDAQABAoICACSEZ97ebDnclvsojadqF2vh\nlKDL3MjUArBJ7exmpsu/kQP+SsPdQB9BHeOy1dLaLOju0vccOSE9MKjIpKyoVDl2\n9TYJxll8jmYJqrm5IgLYtwwOcNaS3VVPlDHlgkzAnR61vrgg4JORnNtcyuVfwrWz\nr8KxxmNWzFU2IudfgJqaOERL+cRE1+MUnM1DVr95kJDqBKIOhN5gyDEUWcx0I9RG\nV6ZTvR2pKKqQGa8S1NstNWHfLGPO2fb4YMjojvZ5CgSzIe9AefmCmyHtNES/k5Oy\n2zDpPdOueSsVLoHXNZYhrSDtlMd8mAyMEvq9RJ5xiDN5+xqlXMntarY+G8eyD6Y6\nlizLr2H8vRxAKxAePFbcjjmOKkphhdd3/pDmcSX4lg5cg4pl/SIMw7E95DFlkv90\nJhwz+owukR2WmplK78eFHbocRdmfMkmZYKW+CHe7M9DmD4Boo7vvSqrPfzxZK2HL\nsjxY1eA4iqfSY6Ul3K8gbHE/8Ne14+L7bpKaMQ4WCqf28dMfkgUZUcyPDCxaBS9t\nD8PMwh6uZhFcMUoWGzXVtsLHZFfbIiZb7UAf6iiu/enLL+vJT3yUOiOT96WFziA8\nhHxR5ue9osTOr5DtWf8cBbaXmiAW5OMVQKP1dc0IIjS2EIZ2YxpYe9iQrEk4ISQJ\nxl+yY3Z/8KqtqxsClh0BAoIBAQDDb5yMKroWJCkoVTXNc/IKDDSM7HkWkjK8cqhx\nrcccf2o2sK2Tx5U5YuqzP61TJmVoEE8P3RLg8RqxO75tnDjrKTiRWzgzbL1alXfq\nUriL3SGyfphSpdpRnaFpw9wc6zKdiBHnfGUG0Moaz33dQ/H6sknJI/gbdqIahe4R\nVxnjcdtu5aEGEi25FCCDPWebZ6o8DiRyhtYPtqM+vBblUmgcc76FxuPjAAOsi7sP\nTRIs9KgN1bv+NHB+MAHwz+8u0JqJCOLxGzj24bQzujbBgM76aw1d8toFbcLtpKUO\nSmKL3aNjpumk+q7ppOssmKiOpMyzINZrp8qbYLuKf5wYtkppAoIBAQDGgpEnpDXt\nF3QQofri+zqZkMlO1kH3GZiD0oy+b0QfUFk1ZURdYU4ZWEEsoGbiBNRv/tM1b8q8\npCTRP2/6/NU6vyuZPBzrDANRrB98bq/71l24TicyvuguOvxdXhFiJaML9lDZRKq2\nYeyKCYVNr0aviqQZks/jlzsSKc32sVtkjubR75pO6pTFZ0C0IHoIFhIcK5eHVGMx\nJxovbHL01LG21t6Zto+N1B39hB67b+jh7fqYm0jr6bfidnNlrDcfETkGd/yNYjO2\n/AfL9amTu1V5jIKZnyfLZy5t4NKHqrY9VW52gw5qfjLtBIJN21nAo3YHiAUPcmxi\np345QQ7UzlkHAoIBAQCxvw/9N1r5ijfYk+8UBfDLjKA6z1Ot4Je+ZvWmNmvSElwy\nk2u67RleEQXusupbpp8yDyso/WMPLJmfOfwOyrfFwT7OjM1HkA2Dlk9y0XtA0YS1\nR4gYGvm9owTMIbNOpebp+Xh3Nd7YXQqDadVKaWJqJL8Q7eLYb4QtZUPJh5NnFgWC\nDdzunZfyLUkIs89IOvdMGXyyoMmNjwlXpE+aj+FahzZvix12NmwhARDHcMwoEPfL\nZWnOYDkzu0v4jdU2mckC+w8URDMB7vMq3KCySwl0HesRWC9MIrDX3Be2MJcCKDlT\nB9qWDt0IaNLvQ4SB/4ahICuDzB5sRIUtCLSakSiJAoIBAH+1LBEmsZKwTfkNXEx+\nd7qnzPqtGI8Rpm7YG7e/+UFz/ZA+b/brTMU9Y+CD6OxrUwgiFlsAaptltlHvz+jW\nk49RwYi5hZkph1EZvL/erdUEmhKiJNGew9xKEmU2yVQtBnIBqw28AV+ILBa5/Up3\nArCYLu5M5vVyK4yJ3HlirHtK++//h3RRshg1TwkTA68EE+6PlNJ5Vb8fetcbm/Eq\njJImNdsJ+dyypACe6O6JFneTFG7tJ8Kt/6Dvt1mnq2aPO/KPaqjCjqagCZwLlWb3\nVAv4e2S9YWqYHOSPiKHDD67xsTkJI1MbkUOubO4NufYWsy4xMaA4asYlHy1ST2pU\nvi0CggEAGkYKPWy1FLwjqr12dDdPUcVSdeJwZygmU1Rl8++XKtztPeWtlXURQHtL\nMAg8KDgzl18KanosAm8HFd4iSrri3nYkyHzSrpfkRGl1wIuJfQXAO2zVEZPYMrCE\neghT9VEgjIbdrOA99ExdKg0zWa3eU30CHAFZ9Ky5jYKmcHQ1HSBwKCRqPLAPur66\nX1ryhF1/O0svqV4qNI3NbQBdSWP7rUMD5Kvz9URkG+Gr4KBNBM1haPwuw49cZwPU\n/XXxGAJbN0P3yFpDJAxL2G+yN2QkGmwpOrJE4NodIEgKQt6h30o57aser27imajS\n0RWOLWZR8iZDj/3XufVeIEHbhOWxHA==\n-----END PRIVATE KEY-----\n",
            "public_key_fingerprint_md5": "fd:ad:61:95:db:15:b6:ca:0e:ec:c4:02:1d:2f:e8:41",
            "public_key_fingerprint_sha256": "SHA256:h+aYTmgIh1G24rjoFMpQ/wiIeQLJrZaUZCczX6pcCko",
            "public_key_openssh": "ssh-rsa AAAAB3NzaC1yc2EAAAADAQABAAACAQCXjACSY0KIko8KG6LijqK5E/rZ4VrbLp0/wCphVq6YnSB6q/GCmA532ZERIVqc64F6GFCAYDsYe8BKlywt3DiSd4yH5Pd+XHbVmAEXqlaQpNyLHL1sN9QKEMD/HqyE2Hnkz/l7MfDE5hHY/cRhLYVn2jhjGtzO7uBKvTav5KLKOeLtIncOPi/aVZc+gsnWPwcsQ8k1e1Ba3yqRMTKXLiw6yG2pCSJCgDt03AQi9W3w/WpT2dga5cRwWJJOe1RHt2JD6MOa4lJh/LQT2O9ujgLn+5KbLRw4vhGIZyBGpE2CUoh4yBF1xu5AZBwfY1Q58IufjI54Wyj4H/paZ4Wrq03zst5Tmc8owI9HESQQ7+xGM6WmZECqIFl1n47BEg89MNqCnvQUVWY65FTyUdPgfd08jbWoAsBJ696Whj6+9+sOfJ9+yM6sm/D7/65BAll+YHa905euiNUkVOW/qTVQMaOOtX16iQZ15+lRLoArhkdWtIqCMApsSa6PF7PaQrXaSr0HynVtadIKAVEyiwaoavkXKUQfhLdbPU/cEqSeuMeWFFauuvgfIut/yPxVd2MeOMBIBH3Xaiu9k5iULCFDkmpam0BuxVnJm58BiLTMT7SxY7RtbVY3hbHUeOQHHgbGRa+EXodJWxq9+UI29C1cYh/+818XBOFMDn0dd1To4ViJ3w==\n",
            "public_key_pem": "-----BEGIN PUBLIC KEY-----\nMIICIjANBgkqhkiG9w0BAQEFAAOCAg8AMIICCgKCAgEAl4wAkmNCiJKPChui4o6i\nuRP62eFa2y6dP8AqYVaumJ0geqvxgpgOd9mRESFanOuBehhQgGA7GHvASpcsLdw4\nkneMh+T3flx21ZgBF6pWkKTcixy9bDfUChDA/x6shNh55M/5ezHwxOYR2P3EYS2F\nZ9o4Yxrczu7gSr02r+Siyjni7SJ3Dj4v2lWXPoLJ1j8HLEPJNXtQWt8qkTEyly4s\nOshtqQkiQoA7dNwEIvVt8P1qU9nYGuXEcFiSTntUR7diQ+jDmuJSYfy0E9jvbo4C\n5/uSmy0cOL4RiGcgRqRNglKIeMgRdcbuQGQcH2NUOfCLn4yOeFso+B/6WmeFq6tN\n87LeU5nPKMCPRxEkEO/sRjOlpmRAqiBZdZ+OwRIPPTDagp70FFVmOuRU8lHT4H3d\nPI21qALASeveloY+vvfrDnyffsjOrJvw+/+uQQJZfmB2vdOXrojVJFTlv6k1UDGj\njrV9eokGdefpUS6AK4ZHVrSKgjAKbEmujxez2kK12kq9B8p1bWnSCgFRMosGqGr5\nFylEH4S3Wz1P3BKknrjHlhRWrrr4HyLrf8j8VXdjHjjASAR912orvZOYlCwhQ5Jq\nWptAbsVZyZufAYi0zE+0sWO0bW1WN4Wx1HjkBx4GxkWvhF6HSVsavflCNvQtXGIf\n/vNfFwThTA59HXdU6OFYid8CAwEAAQ==\n-----END PUBLIC KEY-----\n",
            "rsa_bits": 4096
          },
          "sensitive_attributes": []
        }
      ]
    },
    {
      "module": "module.vpc",
      "mode": "managed",
      "type": "aws_eip",
      "name": "eip",
      "provider": "provider[\"registry.terraform.io/hashicorp/aws\"]",
      "instances": [
        {
          "schema_version": 0,
          "attributes": {
            "address": null,
            "allocation_id": "eipalloc-0fed51e6687e9784b",
            "associate_with_private_ip": null,
            "association_id": "",
            "carrier_ip": "",
            "customer_owned_ip": "",
            "customer_owned_ipv4_pool": "",
            "domain": "vpc",
            "id": "eipalloc-0fed51e6687e9784b",
            "instance": "",
            "network_border_group": "eu-west-3",
            "network_interface": "",
            "private_dns": null,
            "private_ip": "",
            "public_dns": "ec2-13-39-74-2.eu-west-3.compute.amazonaws.com",
            "public_ip": "13.39.74.2",
            "public_ipv4_pool": "amazon",
            "tags": null,
            "tags_all": {},
            "timeouts": null,
            "vpc": true
          },
          "sensitive_attributes": [],
          "private": "eyJlMmJmYjczMC1lY2FhLTExZTYtOGY4OC0zNDM2M2JjN2M0YzAiOnsiZGVsZXRlIjoxODAwMDAwMDAwMDAsInJlYWQiOjkwMDAwMDAwMDAwMCwidXBkYXRlIjozMDAwMDAwMDAwMDB9fQ=="
        }
      ]
    },
    {
      "module": "module.vpc",
      "mode": "managed",
      "type": "aws_internet_gateway",
      "name": "igw",
      "provider": "provider[\"registry.terraform.io/hashicorp/aws\"]",
      "instances": [
        {
          "schema_version": 0,
          "attributes": {
            "arn": "arn:aws:ec2:eu-west-3:468887949677:internet-gateway/igw-0f45611528a7ae3f9",
            "id": "igw-0f45611528a7ae3f9",
            "owner_id": "468887949677",
            "tags": {
              "Name": "petclinic-igw"
            },
            "tags_all": {
              "Name": "petclinic-igw"
            },
            "timeouts": null,
            "vpc_id": "vpc-0aa3f86018b3aa152"
          },
          "sensitive_attributes": [],
          "private": "eyJlMmJmYjczMC1lY2FhLTExZTYtOGY4OC0zNDM2M2JjN2M0YzAiOnsiY3JlYXRlIjoxMjAwMDAwMDAwMDAwLCJkZWxldGUiOjEyMDAwMDAwMDAwMDAsInVwZGF0ZSI6MTIwMDAwMDAwMDAwMH19",
          "dependencies": [
            "module.vpc.aws_vpc.vpc"
          ]
        }
      ]
    },
    {
      "module": "module.vpc",
      "mode": "managed",
      "type": "aws_nat_gateway",
      "name": "nat",
      "provider": "provider[\"registry.terraform.io/hashicorp/aws\"]",
      "instances": [
        {
          "schema_version": 0,
          "attributes": {
            "allocation_id": "eipalloc-0fed51e6687e9784b",
            "association_id": "eipassoc-078d7ac6a7c667719",
            "connectivity_type": "public",
            "id": "nat-045112ce35c03eb91",
            "network_interface_id": "eni-01f452c82e1d03045",
            "private_ip": "10.0.1.34",
            "public_ip": "13.39.74.2",
            "secondary_allocation_ids": null,
            "secondary_private_ip_address_count": 0,
            "secondary_private_ip_addresses": [],
            "subnet_id": "subnet-093d8bd8b6dcf0b8b",
            "tags": {
              "Name": "petclinic-nat-gateway"
            },
            "tags_all": {
              "Name": "petclinic-nat-gateway"
            },
            "timeouts": null
          },
          "sensitive_attributes": [],
          "private": "eyJlMmJmYjczMC1lY2FhLTExZTYtOGY4OC0zNDM2M2JjN2M0YzAiOnsiY3JlYXRlIjo2MDAwMDAwMDAwMDAsImRlbGV0ZSI6MTgwMDAwMDAwMDAwMCwidXBkYXRlIjo2MDAwMDAwMDAwMDB9fQ==",
          "dependencies": [
            "module.vpc.aws_eip.eip",
            "module.vpc.aws_subnet.pub-sn-01",
            "module.vpc.aws_vpc.vpc"
          ]
        }
      ]
    },
    {
      "module": "module.vpc",
      "mode": "managed",
      "type": "aws_route_table",
      "name": "PRT",
      "provider": "provider[\"registry.terraform.io/hashicorp/aws\"]",
      "instances": [
        {
          "schema_version": 0,
          "attributes": {
            "arn": "arn:aws:ec2:eu-west-3:468887949677:route-table/rtb-0cfdb3f2f7da569a2",
            "id": "rtb-0cfdb3f2f7da569a2",
            "owner_id": "468887949677",
            "propagating_vgws": [],
            "route": [
              {
                "carrier_gateway_id": "",
                "cidr_block": "0.0.0.0/0",
                "core_network_arn": "",
                "destination_prefix_list_id": "",
                "egress_only_gateway_id": "",
                "gateway_id": "",
                "ipv6_cidr_block": "",
                "local_gateway_id": "",
                "nat_gateway_id": "nat-045112ce35c03eb91",
                "network_interface_id": "",
                "transit_gateway_id": "",
                "vpc_endpoint_id": "",
                "vpc_peering_connection_id": ""
              }
            ],
            "tags": {
              "Name": "petclinic-prv-rt"
            },
            "tags_all": {
              "Name": "petclinic-prv-rt"
            },
            "timeouts": null,
            "vpc_id": "vpc-0aa3f86018b3aa152"
          },
          "sensitive_attributes": [],
          "private": "eyJlMmJmYjczMC1lY2FhLTExZTYtOGY4OC0zNDM2M2JjN2M0YzAiOnsiY3JlYXRlIjozMDAwMDAwMDAwMDAsImRlbGV0ZSI6MzAwMDAwMDAwMDAwLCJ1cGRhdGUiOjEyMDAwMDAwMDAwMH19",
          "dependencies": [
            "module.vpc.aws_eip.eip",
            "module.vpc.aws_nat_gateway.nat",
            "module.vpc.aws_subnet.pub-sn-01",
            "module.vpc.aws_vpc.vpc"
          ]
        }
      ]
    },
    {
      "module": "module.vpc",
      "mode": "managed",
      "type": "aws_route_table",
      "name": "PUB-RT",
      "provider": "provider[\"registry.terraform.io/hashicorp/aws\"]",
      "instances": [
        {
          "schema_version": 0,
          "attributes": {
            "arn": "arn:aws:ec2:eu-west-3:468887949677:route-table/rtb-0342cef6ea030849a",
            "id": "rtb-0342cef6ea030849a",
            "owner_id": "468887949677",
            "propagating_vgws": [],
            "route": [
              {
                "carrier_gateway_id": "",
                "cidr_block": "0.0.0.0/0",
                "core_network_arn": "",
                "destination_prefix_list_id": "",
                "egress_only_gateway_id": "",
                "gateway_id": "igw-0f45611528a7ae3f9",
                "ipv6_cidr_block": "",
                "local_gateway_id": "",
                "nat_gateway_id": "",
                "network_interface_id": "",
                "transit_gateway_id": "",
                "vpc_endpoint_id": "",
                "vpc_peering_connection_id": ""
              }
            ],
            "tags": {
              "Name": "petclinic-pub-rt"
            },
            "tags_all": {
              "Name": "petclinic-pub-rt"
            },
            "timeouts": null,
            "vpc_id": "vpc-0aa3f86018b3aa152"
          },
          "sensitive_attributes": [],
          "private": "eyJlMmJmYjczMC1lY2FhLTExZTYtOGY4OC0zNDM2M2JjN2M0YzAiOnsiY3JlYXRlIjozMDAwMDAwMDAwMDAsImRlbGV0ZSI6MzAwMDAwMDAwMDAwLCJ1cGRhdGUiOjEyMDAwMDAwMDAwMH19",
          "dependencies": [
            "module.vpc.aws_internet_gateway.igw",
            "module.vpc.aws_vpc.vpc"
          ]
        }
      ]
    },
    {
      "module": "module.vpc",
      "mode": "managed",
      "type": "aws_route_table_association",
      "name": "PRT1-associated",
      "provider": "provider[\"registry.terraform.io/hashicorp/aws\"]",
      "instances": [
        {
          "schema_version": 0,
          "attributes": {
            "gateway_id": "",
            "id": "rtbassoc-0eb93c86f5f432de1",
            "route_table_id": "rtb-0cfdb3f2f7da569a2",
            "subnet_id": "subnet-01f8322ee4d1afc4d",
            "timeouts": null
          },
          "sensitive_attributes": [],
          "private": "eyJlMmJmYjczMC1lY2FhLTExZTYtOGY4OC0zNDM2M2JjN2M0YzAiOnsiY3JlYXRlIjozMDAwMDAwMDAwMDAsImRlbGV0ZSI6MzAwMDAwMDAwMDAwLCJ1cGRhdGUiOjEyMDAwMDAwMDAwMH19",
          "dependencies": [
            "module.vpc.aws_eip.eip",
            "module.vpc.aws_nat_gateway.nat",
            "module.vpc.aws_route_table.PRT",
            "module.vpc.aws_subnet.prv-sn-01",
            "module.vpc.aws_subnet.pub-sn-01",
            "module.vpc.aws_vpc.vpc"
          ]
        }
      ]
    },
    {
      "module": "module.vpc",
      "mode": "managed",
      "type": "aws_route_table_association",
      "name": "PRT2-associated",
      "provider": "provider[\"registry.terraform.io/hashicorp/aws\"]",
      "instances": [
        {
          "schema_version": 0,
          "attributes": {
            "gateway_id": "",
            "id": "rtbassoc-061f7b0acbfd0a7ce",
            "route_table_id": "rtb-0cfdb3f2f7da569a2",
            "subnet_id": "subnet-0e5174e43d692ef52",
            "timeouts": null
          },
          "sensitive_attributes": [],
          "private": "eyJlMmJmYjczMC1lY2FhLTExZTYtOGY4OC0zNDM2M2JjN2M0YzAiOnsiY3JlYXRlIjozMDAwMDAwMDAwMDAsImRlbGV0ZSI6MzAwMDAwMDAwMDAwLCJ1cGRhdGUiOjEyMDAwMDAwMDAwMH19",
          "dependencies": [
            "module.vpc.aws_eip.eip",
            "module.vpc.aws_nat_gateway.nat",
            "module.vpc.aws_route_table.PRT",
            "module.vpc.aws_subnet.prv-sn-02",
            "module.vpc.aws_subnet.pub-sn-01",
            "module.vpc.aws_vpc.vpc"
          ]
        }
      ]
    },
    {
      "module": "module.vpc",
      "mode": "managed",
      "type": "aws_route_table_association",
      "name": "PUB-RT1-associated",
      "provider": "provider[\"registry.terraform.io/hashicorp/aws\"]",
      "instances": [
        {
          "schema_version": 0,
          "attributes": {
            "gateway_id": "",
            "id": "rtbassoc-0b9311427999662e9",
            "route_table_id": "rtb-0342cef6ea030849a",
            "subnet_id": "subnet-093d8bd8b6dcf0b8b",
            "timeouts": null
          },
          "sensitive_attributes": [],
          "private": "eyJlMmJmYjczMC1lY2FhLTExZTYtOGY4OC0zNDM2M2JjN2M0YzAiOnsiY3JlYXRlIjozMDAwMDAwMDAwMDAsImRlbGV0ZSI6MzAwMDAwMDAwMDAwLCJ1cGRhdGUiOjEyMDAwMDAwMDAwMH19",
          "dependencies": [
            "module.vpc.aws_internet_gateway.igw",
            "module.vpc.aws_route_table.PUB-RT",
            "module.vpc.aws_subnet.pub-sn-01",
            "module.vpc.aws_vpc.vpc"
          ]
        }
      ]
    },
    {
      "module": "module.vpc",
      "mode": "managed",
      "type": "aws_route_table_association",
      "name": "PUB-RT2-associated",
      "provider": "provider[\"registry.terraform.io/hashicorp/aws\"]",
      "instances": [
        {
          "schema_version": 0,
          "attributes": {
            "gateway_id": "",
            "id": "rtbassoc-0669be35c8aa630a9",
            "route_table_id": "rtb-0342cef6ea030849a",
            "subnet_id": "subnet-09737c1fe5dd91757",
            "timeouts": null
          },
          "sensitive_attributes": [],
          "private": "eyJlMmJmYjczMC1lY2FhLTExZTYtOGY4OC0zNDM2M2JjN2M0YzAiOnsiY3JlYXRlIjozMDAwMDAwMDAwMDAsImRlbGV0ZSI6MzAwMDAwMDAwMDAwLCJ1cGRhdGUiOjEyMDAwMDAwMDAwMH19",
          "dependencies": [
            "module.vpc.aws_internet_gateway.igw",
            "module.vpc.aws_route_table.PUB-RT",
            "module.vpc.aws_subnet.pub-sn-02",
            "module.vpc.aws_vpc.vpc"
          ]
        }
      ]
    },
    {
      "module": "module.vpc",
      "mode": "managed",
      "type": "aws_security_group",
      "name": "Bastion-Ansible_SG",
      "provider": "provider[\"registry.terraform.io/hashicorp/aws\"]",
      "instances": [
        {
          "schema_version": 1,
          "attributes": {
            "arn": "arn:aws:ec2:eu-west-3:468887949677:security-group/sg-083000527988a1775",
            "description": "Allow TLS inbound traffic",
            "egress": [
              {
                "cidr_blocks": [
                  "0.0.0.0/0"
                ],
                "description": "",
                "from_port": 0,
                "ipv6_cidr_blocks": [],
                "prefix_list_ids": [],
                "protocol": "-1",
                "security_groups": [],
                "self": false,
                "to_port": 0
              }
            ],
            "id": "sg-083000527988a1775",
            "ingress": [
              {
                "cidr_blocks": [
                  "0.0.0.0/0"
                ],
                "description": "Allow proxy access",
                "from_port": 22,
                "ipv6_cidr_blocks": [],
                "prefix_list_ids": [],
                "protocol": "tcp",
                "security_groups": [],
                "self": false,
                "to_port": 22
              }
            ],
            "name": "petclinic-Bastion-Ansible",
            "name_prefix": "",
            "owner_id": "468887949677",
            "revoke_rules_on_delete": false,
            "tags": {
              "Name": "petclinicBastion-Ansible-sg"
            },
            "tags_all": {
              "Name": "petclinicBastion-Ansible-sg"
            },
            "timeouts": null,
            "vpc_id": "vpc-0aa3f86018b3aa152"
          },
          "sensitive_attributes": [],
          "private": "eyJlMmJmYjczMC1lY2FhLTExZTYtOGY4OC0zNDM2M2JjN2M0YzAiOnsiY3JlYXRlIjo2MDAwMDAwMDAwMDAsImRlbGV0ZSI6OTAwMDAwMDAwMDAwfSwic2NoZW1hX3ZlcnNpb24iOiIxIn0=",
          "dependencies": [
            "module.vpc.aws_vpc.vpc"
          ]
        }
      ]
    },
    {
      "module": "module.vpc",
      "mode": "managed",
      "type": "aws_security_group",
      "name": "Docker_SG",
      "provider": "provider[\"registry.terraform.io/hashicorp/aws\"]",
      "instances": [
        {
          "schema_version": 1,
          "attributes": {
            "arn": "arn:aws:ec2:eu-west-3:468887949677:security-group/sg-0a0ba82d5f8efd3c6",
            "description": "Allow TLS inbound traffic",
            "egress": [
              {
                "cidr_blocks": [
                  "0.0.0.0/0"
                ],
                "description": "",
                "from_port": 0,
                "ipv6_cidr_blocks": [],
                "prefix_list_ids": [],
                "protocol": "-1",
                "security_groups": [],
                "self": false,
                "to_port": 0
              }
            ],
            "id": "sg-0a0ba82d5f8efd3c6",
            "ingress": [
              {
                "cidr_blocks": [
                  "0.0.0.0/0"
                ],
                "description": "Allow http access",
                "from_port": 80,
                "ipv6_cidr_blocks": [],
                "prefix_list_ids": [],
                "protocol": "tcp",
                "security_groups": [],
                "self": false,
                "to_port": 80
              },
              {
                "cidr_blocks": [
                  "0.0.0.0/0"
                ],
                "description": "Allow https access",
                "from_port": 443,
                "ipv6_cidr_blocks": [],
                "prefix_list_ids": [],
                "protocol": "tcp",
                "security_groups": [],
                "self": false,
                "to_port": 443
              },
              {
                "cidr_blocks": [
                  "0.0.0.0/0"
                ],
                "description": "Allow proxy access",
                "from_port": 8080,
                "ipv6_cidr_blocks": [],
                "prefix_list_ids": [],
                "protocol": "tcp",
                "security_groups": [],
                "self": false,
                "to_port": 8080
              },
              {
                "cidr_blocks": [
                  "0.0.0.0/0"
                ],
                "description": "Allow ssh access",
                "from_port": 22,
                "ipv6_cidr_blocks": [],
                "prefix_list_ids": [],
                "protocol": "tcp",
                "security_groups": [],
                "self": false,
                "to_port": 22
              }
            ],
            "name": "petclinic-Docker",
            "name_prefix": "",
            "owner_id": "468887949677",
            "revoke_rules_on_delete": false,
            "tags": {
              "Name": "petclinic-Docker-sg"
            },
            "tags_all": {
              "Name": "petclinic-Docker-sg"
            },
            "timeouts": null,
            "vpc_id": "vpc-0aa3f86018b3aa152"
          },
          "sensitive_attributes": [],
          "private": "eyJlMmJmYjczMC1lY2FhLTExZTYtOGY4OC0zNDM2M2JjN2M0YzAiOnsiY3JlYXRlIjo2MDAwMDAwMDAwMDAsImRlbGV0ZSI6OTAwMDAwMDAwMDAwfSwic2NoZW1hX3ZlcnNpb24iOiIxIn0=",
          "dependencies": [
            "module.vpc.aws_vpc.vpc"
          ]
        }
      ]
    },
    {
      "module": "module.vpc",
      "mode": "managed",
      "type": "aws_security_group",
      "name": "Jenkins_SG",
      "provider": "provider[\"registry.terraform.io/hashicorp/aws\"]",
      "instances": [
        {
          "schema_version": 1,
          "attributes": {
            "arn": "arn:aws:ec2:eu-west-3:468887949677:security-group/sg-05fb88d8b68951c68",
            "description": "Allow TLS inbound traffic",
            "egress": [
              {
                "cidr_blocks": [
                  "0.0.0.0/0"
                ],
                "description": "",
                "from_port": 0,
                "ipv6_cidr_blocks": [],
                "prefix_list_ids": [],
                "protocol": "-1",
                "security_groups": [],
                "self": false,
                "to_port": 0
              }
            ],
            "id": "sg-05fb88d8b68951c68",
            "ingress": [
              {
                "cidr_blocks": [
                  "0.0.0.0/0"
                ],
                "description": "Allow proxy access",
                "from_port": 8080,
                "ipv6_cidr_blocks": [],
                "prefix_list_ids": [],
                "protocol": "tcp",
                "security_groups": [],
                "self": false,
                "to_port": 8080
              },
              {
                "cidr_blocks": [
                  "0.0.0.0/0"
                ],
                "description": "Allow proxy access",
                "from_port": 80,
                "ipv6_cidr_blocks": [],
                "prefix_list_ids": [],
                "protocol": "tcp",
                "security_groups": [],
                "self": false,
                "to_port": 80
              },
              {
                "cidr_blocks": [
                  "0.0.0.0/0"
                ],
                "description": "Allow ssh access",
                "from_port": 22,
                "ipv6_cidr_blocks": [],
                "prefix_list_ids": [],
                "protocol": "tcp",
                "security_groups": [],
                "self": false,
                "to_port": 22
              }
            ],
            "name": "petclinic-Jenkins",
            "name_prefix": "",
            "owner_id": "468887949677",
            "revoke_rules_on_delete": false,
            "tags": {
              "Name": "petclinic-Jenkins-sg"
            },
            "tags_all": {
              "Name": "petclinic-Jenkins-sg"
            },
            "timeouts": null,
            "vpc_id": "vpc-0aa3f86018b3aa152"
          },
          "sensitive_attributes": [],
          "private": "eyJlMmJmYjczMC1lY2FhLTExZTYtOGY4OC0zNDM2M2JjN2M0YzAiOnsiY3JlYXRlIjo2MDAwMDAwMDAwMDAsImRlbGV0ZSI6OTAwMDAwMDAwMDAwfSwic2NoZW1hX3ZlcnNpb24iOiIxIn0=",
          "dependencies": [
            "module.vpc.aws_vpc.vpc"
          ]
        }
      ]
    },
    {
      "module": "module.vpc",
      "mode": "managed",
      "type": "aws_security_group",
      "name": "MYSQL_RDS_SG",
      "provider": "provider[\"registry.terraform.io/hashicorp/aws\"]",
      "instances": [
        {
          "schema_version": 1,
          "attributes": {
            "arn": "arn:aws:ec2:eu-west-3:468887949677:security-group/sg-06b6ffbd03c6d03b0",
            "description": "Allow TLS inbound traffic",
            "egress": [
              {
                "cidr_blocks": [
                  "0.0.0.0/0"
                ],
                "description": "",
                "from_port": 0,
                "ipv6_cidr_blocks": [],
                "prefix_list_ids": [],
                "protocol": "-1",
                "security_groups": [],
                "self": false,
                "to_port": 0
              }
            ],
            "id": "sg-06b6ffbd03c6d03b0",
            "ingress": [
              {
                "cidr_blocks": [
                  "0.0.0.0/0"
                ],
                "description": "Allow MYSQL access",
                "from_port": 3306,
                "ipv6_cidr_blocks": [],
                "prefix_list_ids": [],
                "protocol": "tcp",
                "security_groups": [],
                "self": false,
                "to_port": 3306
              }
            ],
            "name": "petclinic-MYSQL_RDS",
            "name_prefix": "",
            "owner_id": "468887949677",
            "revoke_rules_on_delete": false,
            "tags": {
              "Name": "petclinic-MYSQL-RDS-sg"
            },
            "tags_all": {
              "Name": "petclinic-MYSQL-RDS-sg"
            },
            "timeouts": null,
            "vpc_id": "vpc-0aa3f86018b3aa152"
          },
          "sensitive_attributes": [],
          "private": "eyJlMmJmYjczMC1lY2FhLTExZTYtOGY4OC0zNDM2M2JjN2M0YzAiOnsiY3JlYXRlIjo2MDAwMDAwMDAwMDAsImRlbGV0ZSI6OTAwMDAwMDAwMDAwfSwic2NoZW1hX3ZlcnNpb24iOiIxIn0=",
          "dependencies": [
            "module.vpc.aws_vpc.vpc"
          ]
        }
      ]
    },
    {
      "module": "module.vpc",
      "mode": "managed",
      "type": "aws_security_group",
      "name": "Nexus_SG",
      "provider": "provider[\"registry.terraform.io/hashicorp/aws\"]",
      "instances": [
        {
          "schema_version": 1,
          "attributes": {
            "arn": "arn:aws:ec2:eu-west-3:468887949677:security-group/sg-06648a9cfeadd3739",
            "description": "Allow TLS inbound traffic",
            "egress": [
              {
                "cidr_blocks": [
                  "0.0.0.0/0"
                ],
                "description": "",
                "from_port": 0,
                "ipv6_cidr_blocks": [],
                "prefix_list_ids": [],
                "protocol": "-1",
                "security_groups": [],
                "self": false,
                "to_port": 0
              }
            ],
            "id": "sg-06648a9cfeadd3739",
            "ingress": [
              {
                "cidr_blocks": [
                  "0.0.0.0/0"
                ],
                "description": "Allow nexus access",
                "from_port": 8081,
                "ipv6_cidr_blocks": [],
                "prefix_list_ids": [],
                "protocol": "tcp",
                "security_groups": [],
                "self": false,
                "to_port": 8081
              },
              {
                "cidr_blocks": [
                  "0.0.0.0/0"
                ],
                "description": "Allow nexus access",
                "from_port": 8085,
                "ipv6_cidr_blocks": [],
                "prefix_list_ids": [],
                "protocol": "tcp",
                "security_groups": [],
                "self": false,
                "to_port": 8085
              },
              {
                "cidr_blocks": [
                  "0.0.0.0/0"
                ],
                "description": "Allow ssh Access",
                "from_port": 22,
                "ipv6_cidr_blocks": [],
                "prefix_list_ids": [],
                "protocol": "tcp",
                "security_groups": [],
                "self": false,
                "to_port": 22
              }
            ],
            "name": "petclinic-Nexus",
            "name_prefix": "",
            "owner_id": "468887949677",
            "revoke_rules_on_delete": false,
            "tags": {
              "Name": "petclinic-Nexus-sg"
            },
            "tags_all": {
              "Name": "petclinic-Nexus-sg"
            },
            "timeouts": null,
            "vpc_id": "vpc-0aa3f86018b3aa152"
          },
          "sensitive_attributes": [],
          "private": "eyJlMmJmYjczMC1lY2FhLTExZTYtOGY4OC0zNDM2M2JjN2M0YzAiOnsiY3JlYXRlIjo2MDAwMDAwMDAwMDAsImRlbGV0ZSI6OTAwMDAwMDAwMDAwfSwic2NoZW1hX3ZlcnNpb24iOiIxIn0=",
          "dependencies": [
            "module.vpc.aws_vpc.vpc"
          ]
        }
      ]
    },
    {
      "module": "module.vpc",
      "mode": "managed",
      "type": "aws_security_group",
      "name": "Sonarqube_SG",
      "provider": "provider[\"registry.terraform.io/hashicorp/aws\"]",
      "instances": [
        {
          "schema_version": 1,
          "attributes": {
            "arn": "arn:aws:ec2:eu-west-3:468887949677:security-group/sg-0869f7675cb9da642",
            "description": "Allow TLS inbound traffic",
            "egress": [
              {
                "cidr_blocks": [
                  "0.0.0.0/0"
                ],
                "description": "",
                "from_port": 0,
                "ipv6_cidr_blocks": [],
                "prefix_list_ids": [],
                "protocol": "-1",
                "security_groups": [],
                "self": false,
                "to_port": 0
              }
            ],
            "id": "sg-0869f7675cb9da642",
            "ingress": [
              {
                "cidr_blocks": [
                  "0.0.0.0/0"
                ],
                "description": "Allow sonarqube access",
                "from_port": 9000,
                "ipv6_cidr_blocks": [],
                "prefix_list_ids": [],
                "protocol": "tcp",
                "security_groups": [],
                "self": false,
                "to_port": 9000
              },
              {
                "cidr_blocks": [
                  "0.0.0.0/0"
                ],
                "description": "Allow ssh access",
                "from_port": 22,
                "ipv6_cidr_blocks": [],
                "prefix_list_ids": [],
                "protocol": "tcp",
                "security_groups": [],
                "self": false,
                "to_port": 22
              }
            ],
            "name": "petclinic-Sonarqube",
            "name_prefix": "",
            "owner_id": "468887949677",
            "revoke_rules_on_delete": false,
            "tags": {
              "Name": "petclinicSonarqube-sg"
            },
            "tags_all": {
              "Name": "petclinicSonarqube-sg"
            },
            "timeouts": null,
            "vpc_id": "vpc-0aa3f86018b3aa152"
          },
          "sensitive_attributes": [],
          "private": "eyJlMmJmYjczMC1lY2FhLTExZTYtOGY4OC0zNDM2M2JjN2M0YzAiOnsiY3JlYXRlIjo2MDAwMDAwMDAwMDAsImRlbGV0ZSI6OTAwMDAwMDAwMDAwfSwic2NoZW1hX3ZlcnNpb24iOiIxIn0=",
          "dependencies": [
            "module.vpc.aws_vpc.vpc"
          ]
        }
      ]
    },
    {
      "module": "module.vpc",
      "mode": "managed",
      "type": "aws_subnet",
      "name": "prv-sn-01",
      "provider": "provider[\"registry.terraform.io/hashicorp/aws\"]",
      "instances": [
        {
          "schema_version": 1,
          "attributes": {
            "arn": "arn:aws:ec2:eu-west-3:468887949677:subnet/subnet-01f8322ee4d1afc4d",
            "assign_ipv6_address_on_creation": false,
            "availability_zone": "eu-west-3a",
            "availability_zone_id": "euw3-az1",
            "cidr_block": "10.0.3.0/24",
            "customer_owned_ipv4_pool": "",
            "enable_dns64": false,
            "enable_lni_at_device_index": 0,
            "enable_resource_name_dns_a_record_on_launch": false,
            "enable_resource_name_dns_aaaa_record_on_launch": false,
            "id": "subnet-01f8322ee4d1afc4d",
            "ipv6_cidr_block": "",
            "ipv6_cidr_block_association_id": "",
            "ipv6_native": false,
            "map_customer_owned_ip_on_launch": false,
            "map_public_ip_on_launch": false,
            "outpost_arn": "",
            "owner_id": "468887949677",
            "private_dns_hostname_type_on_launch": "ip-name",
            "tags": {
              "Name": "petclinic-prv-sub-01"
            },
            "tags_all": {
              "Name": "petclinic-prv-sub-01"
            },
            "timeouts": null,
            "vpc_id": "vpc-0aa3f86018b3aa152"
          },
          "sensitive_attributes": [],
          "private": "eyJlMmJmYjczMC1lY2FhLTExZTYtOGY4OC0zNDM2M2JjN2M0YzAiOnsiY3JlYXRlIjo2MDAwMDAwMDAwMDAsImRlbGV0ZSI6MTIwMDAwMDAwMDAwMH0sInNjaGVtYV92ZXJzaW9uIjoiMSJ9",
          "dependencies": [
            "module.vpc.aws_vpc.vpc"
          ]
        }
      ]
    },
    {
      "module": "module.vpc",
      "mode": "managed",
      "type": "aws_subnet",
      "name": "prv-sn-02",
      "provider": "provider[\"registry.terraform.io/hashicorp/aws\"]",
      "instances": [
        {
          "schema_version": 1,
          "attributes": {
            "arn": "arn:aws:ec2:eu-west-3:468887949677:subnet/subnet-0e5174e43d692ef52",
            "assign_ipv6_address_on_creation": false,
            "availability_zone": "eu-west-3b",
            "availability_zone_id": "euw3-az2",
            "cidr_block": "10.0.4.0/24",
            "customer_owned_ipv4_pool": "",
            "enable_dns64": false,
            "enable_lni_at_device_index": 0,
            "enable_resource_name_dns_a_record_on_launch": false,
            "enable_resource_name_dns_aaaa_record_on_launch": false,
            "id": "subnet-0e5174e43d692ef52",
            "ipv6_cidr_block": "",
            "ipv6_cidr_block_association_id": "",
            "ipv6_native": false,
            "map_customer_owned_ip_on_launch": false,
            "map_public_ip_on_launch": false,
            "outpost_arn": "",
            "owner_id": "468887949677",
            "private_dns_hostname_type_on_launch": "ip-name",
            "tags": {
              "Name": "petclinic-prv-sub-01"
            },
            "tags_all": {
              "Name": "petclinic-prv-sub-01"
            },
            "timeouts": null,
            "vpc_id": "vpc-0aa3f86018b3aa152"
          },
          "sensitive_attributes": [],
          "private": "eyJlMmJmYjczMC1lY2FhLTExZTYtOGY4OC0zNDM2M2JjN2M0YzAiOnsiY3JlYXRlIjo2MDAwMDAwMDAwMDAsImRlbGV0ZSI6MTIwMDAwMDAwMDAwMH0sInNjaGVtYV92ZXJzaW9uIjoiMSJ9",
          "dependencies": [
            "module.vpc.aws_vpc.vpc"
          ]
        }
      ]
    },
    {
      "module": "module.vpc",
      "mode": "managed",
      "type": "aws_subnet",
      "name": "pub-sn-01",
      "provider": "provider[\"registry.terraform.io/hashicorp/aws\"]",
      "instances": [
        {
          "schema_version": 1,
          "attributes": {
            "arn": "arn:aws:ec2:eu-west-3:468887949677:subnet/subnet-093d8bd8b6dcf0b8b",
            "assign_ipv6_address_on_creation": false,
            "availability_zone": "eu-west-3a",
            "availability_zone_id": "euw3-az1",
            "cidr_block": "10.0.1.0/24",
            "customer_owned_ipv4_pool": "",
            "enable_dns64": false,
            "enable_lni_at_device_index": 0,
            "enable_resource_name_dns_a_record_on_launch": false,
            "enable_resource_name_dns_aaaa_record_on_launch": false,
            "id": "subnet-093d8bd8b6dcf0b8b",
            "ipv6_cidr_block": "",
            "ipv6_cidr_block_association_id": "",
            "ipv6_native": false,
            "map_customer_owned_ip_on_launch": false,
            "map_public_ip_on_launch": false,
            "outpost_arn": "",
            "owner_id": "468887949677",
            "private_dns_hostname_type_on_launch": "ip-name",
            "tags": {
              "Name": "petclinic-pub-sub-01"
            },
            "tags_all": {
              "Name": "petclinic-pub-sub-01"
            },
            "timeouts": null,
            "vpc_id": "vpc-0aa3f86018b3aa152"
          },
          "sensitive_attributes": [],
          "private": "eyJlMmJmYjczMC1lY2FhLTExZTYtOGY4OC0zNDM2M2JjN2M0YzAiOnsiY3JlYXRlIjo2MDAwMDAwMDAwMDAsImRlbGV0ZSI6MTIwMDAwMDAwMDAwMH0sInNjaGVtYV92ZXJzaW9uIjoiMSJ9",
          "dependencies": [
            "module.vpc.aws_vpc.vpc"
          ]
        }
      ]
    },
    {
      "module": "module.vpc",
      "mode": "managed",
      "type": "aws_subnet",
      "name": "pub-sn-02",
      "provider": "provider[\"registry.terraform.io/hashicorp/aws\"]",
      "instances": [
        {
          "schema_version": 1,
          "attributes": {
            "arn": "arn:aws:ec2:eu-west-3:468887949677:subnet/subnet-09737c1fe5dd91757",
            "assign_ipv6_address_on_creation": false,
            "availability_zone": "eu-west-3b",
            "availability_zone_id": "euw3-az2",
            "cidr_block": "10.0.2.0/24",
            "customer_owned_ipv4_pool": "",
            "enable_dns64": false,
            "enable_lni_at_device_index": 0,
            "enable_resource_name_dns_a_record_on_launch": false,
            "enable_resource_name_dns_aaaa_record_on_launch": false,
            "id": "subnet-09737c1fe5dd91757",
            "ipv6_cidr_block": "",
            "ipv6_cidr_block_association_id": "",
            "ipv6_native": false,
            "map_customer_owned_ip_on_launch": false,
            "map_public_ip_on_launch": false,
            "outpost_arn": "",
            "owner_id": "468887949677",
            "private_dns_hostname_type_on_launch": "ip-name",
            "tags": {
              "Name": "petclinic-pub-sub-02"
            },
            "tags_all": {
              "Name": "petclinic-pub-sub-02"
            },
            "timeouts": null,
            "vpc_id": "vpc-0aa3f86018b3aa152"
          },
          "sensitive_attributes": [],
          "private": "eyJlMmJmYjczMC1lY2FhLTExZTYtOGY4OC0zNDM2M2JjN2M0YzAiOnsiY3JlYXRlIjo2MDAwMDAwMDAwMDAsImRlbGV0ZSI6MTIwMDAwMDAwMDAwMH0sInNjaGVtYV92ZXJzaW9uIjoiMSJ9",
          "dependencies": [
            "module.vpc.aws_vpc.vpc"
          ]
        }
      ]
    },
    {
      "module": "module.vpc",
      "mode": "managed",
      "type": "aws_vpc",
      "name": "vpc",
      "provider": "provider[\"registry.terraform.io/hashicorp/aws\"]",
      "instances": [
        {
          "schema_version": 1,
          "attributes": {
            "arn": "arn:aws:ec2:eu-west-3:468887949677:vpc/vpc-0aa3f86018b3aa152",
            "assign_generated_ipv6_cidr_block": false,
            "cidr_block": "10.0.0.0/16",
            "default_network_acl_id": "acl-0037722252d32bcd5",
            "default_route_table_id": "rtb-0fd4cf6b9b1ab3e71",
            "default_security_group_id": "sg-031408101c382cbaf",
            "dhcp_options_id": "dopt-03afbbf3c03069842",
            "enable_dns_hostnames": false,
            "enable_dns_support": true,
            "enable_network_address_usage_metrics": false,
            "id": "vpc-0aa3f86018b3aa152",
            "instance_tenancy": "default",
            "ipv4_ipam_pool_id": null,
            "ipv4_netmask_length": null,
            "ipv6_association_id": "",
            "ipv6_cidr_block": "",
            "ipv6_cidr_block_network_border_group": "",
            "ipv6_ipam_pool_id": "",
            "ipv6_netmask_length": 0,
            "main_route_table_id": "rtb-0fd4cf6b9b1ab3e71",
            "owner_id": "468887949677",
            "tags": {
              "Name": "petclinic-vpc"
            },
            "tags_all": {
              "Name": "petclinic-vpc"
            }
          },
          "sensitive_attributes": [],
          "private": "eyJzY2hlbWFfdmVyc2lvbiI6IjEifQ=="
        }
      ]
    }
  ],
  "check_results": null
}
