{
  "version": 4,
  "terraform_version": "1.4.2",
  "serial": 159,
  "lineage": "1a7f0ac3-9eb4-8c2e-6b68-711b82dfe580",
  "outputs": {},
  "resources": [
    {
      "module": "module.jenkins",
      "mode": "managed",
      "type": "aws_instance",
      "name": "jenkins-server",
      "provider": "provider[\"registry.terraform.io/hashicorp/aws\"]",
      "instances": []
    },
    {
      "module": "module.keypair",
      "mode": "managed",
      "type": "aws_key_pair",
      "name": "Keypair_pub",
      "provider": "provider[\"registry.terraform.io/hashicorp/aws\"]",
      "instances": [
        {
          "schema_version": 1,
          "attributes": {
            "arn": "arn:aws:ec2:eu-west-3:468887949677:key-pair/lington_key",
            "fingerprint": "8d:42:d2:68:cb:09:b7:6e:2f:c4:f6:dd:9d:d9:bd:3b",
            "id": "lington_key",
            "key_name": "lington_key",
            "key_name_prefix": "",
            "key_pair_id": "key-029624e3af71554e4",
            "key_type": "rsa",
            "public_key": "ssh-rsa AAAAB3NzaC1yc2EAAAADAQABAAACAQCzAMxAXd0W/39ETHAwmgDcVBxlb39x0MjELWJxmnXYOP/Ii4Z3FKk3aZyhhQQgSRUozeOLasMPOuM/I/u5l0FBpwXDdM5F8wB+4czCLry60E35JsoipR5GOHt6y8eHnWKvEiQzwId23PM63JsXZl5ySsuxTK9zLyDC2KtrGxQviaHAWcoDYl+8bLcf9diq4cea4XeT02JCtlKzgLuball2bzcBg9cBVIIRQEjTivKvQ29k0DaXdx0GmLvCggp8YicFRu3/erDprwnlyp3P8RSKTZtzl28LifBImIlHFE1l4/Cmr5pVZDnSyJtCctJyRzS/KXzCp67AJ7RmbPvVQdepQpBlpCk6NADo4HPzYGTMHKDLmCZv+hlCoy6V8YtyTyo35yXf/9Vu+nJbA9AN8OjlCFYS8IJ9J2yiubI8C5ikB9WecMJi+bYbmIgrLWewxxTsf0Sstw2m2kMTRaGOejN5yhT6bqMrQZI7S/uWivfEWI/QR9JTWRA4rpSNixlUhJA2PdO5Pn4DwYWwB1OexufQK4Bxk0loPBIMrYnCPUkelJcfRPe8MbQeBq4sAAw7RRe9UKHwBNdTF029cx1m88EUF7XaRo/ehQdMSEyu65wfrZtqNTfwc/n9xLp+dUUtHfxYoKlcTkJUT21mzGkDIUclW8Zby44sUzr5agsx77L9dQ==",
            "tags": null,
            "tags_all": {}
          },
          "sensitive_attributes": [],
          "private": "eyJzY2hlbWFfdmVyc2lvbiI6IjEifQ==",
          "dependencies": [
            "module.keypair.tls_private_key.Keypair"
          ]
        }
      ]
    },
    {
      "module": "module.keypair",
      "mode": "managed",
      "type": "local_file",
      "name": "Keypair_priv",
      "provider": "provider[\"registry.terraform.io/hashicorp/local\"]",
      "instances": [
        {
          "schema_version": 0,
          "attributes": {
            "content": "-----BEGIN RSA PRIVATE KEY-----\nMIIJKgIBAAKCAgEAswDMQF3dFv9/RExwMJoA3FQcZW9/cdDIxC1icZp12Dj/yIuG\ndxSpN2mcoYUEIEkVKM3ji2rDDzrjPyP7uZdBQacFw3TORfMAfuHMwi68utBN+SbK\nIqUeRjh7esvHh51irxIkM8CHdtzzOtybF2ZeckrLsUyvcy8gwtiraxsUL4mhwFnK\nA2JfvGy3H/XYquHHmuF3k9NiQrZSs4C7m2pZdm83AYPXAVSCEUBI04ryr0NvZNA2\nl3cdBpi7woIKfGInBUbt/3qw6a8J5cqdz/EUik2bc5dvC4nwSJiJRxRNZePwpq+a\nVWQ50sibQnLSckc0vyl8wqeuwCe0Zmz71UHXqUKQZaQpOjQA6OBz82BkzBygy5gm\nb/oZQqMulfGLck8qN+cl3//VbvpyWwPQDfDo5QhWEvCCfSdsormyPAuYpAfVnnDC\nYvm2G5iIKy1nsMcU7H9ErLcNptpDE0WhjnozecoU+m6jK0GSO0v7lor3xFiP0EfS\nU1kQOK6UjYsZVISQNj3TuT5+A8GFsAdTnsbn0CuAcZNJaDwSDK2Jwj1JHpSXH0T3\nvDG0HgauLAAMO0UXvVCh8ATXUxdNvXMdZvPBFBe12kaP3oUHTEhMruucH62bajU3\n8HP5/cS6fnVFLR38WKCpXE5CVE9tZsxpAyFHJVvGW8uOLFM6+WoLMe+y/XUCAwEA\nAQKCAgEAku/zul6Sjz9aFBF/ApZYYIR27tkwz5foRglPRxvY4o4fgVrvHS8LnN4H\n4hqTgYEcamtf/uC7j/Px+LGr//PmcGMPexuV+5t267Ck6T1+VQeLChvKT9gk2tWg\nnvNKLcuG51lH+Gdxi6Ph0Y6njPTOUJmPTVI6r52fEfLT+861qjQbYA8UoeSN29mO\nFSE1I0jFFiFAjEs33LVXe9wPpIsPNwYiLA8yXfgl8M1JOsVTY4VCmonEVl9Dp1eW\nwRsISoQzrcREt7PaJ2k1AblqA/jMuJ7uHVvQnrMzWBRGk99ZjWsn71w0nyXvxVRB\nBrHEiGRlKwp+TDdjXn75Oh76NlufEATUa5V/7Lnmb3/Eat2eRZ2/IDliQGhYxK6K\nvSAFO1S5HGVEQiKy3hN3z5BLegDi3OMW5lLnNfGc+RlH/ImDaTPUKmvEhuIhj+aq\neh+pi4hsMFm/XKuA9PUQzMFOI6SUtAQQBH4NK4PzDFDxR5KJdXkPvSOqhFI25dfi\n96tz+PhB9OvFhWjFx10r09Y8Qlh6WSuB1vgbpOUlEYG/TdJSSozPjNTZ8Q/Y1GGi\nZGreh20j4egPv+Qxowgq/8bwHNy/8WFoV2o5ZjIgXqY6YDhkO3rd6xNWMOWFCnJ1\ni3+IoDkeEnL2IASLIb2jxDl+W4VIsr77C//L2KgKtDaAZ3O8cMECggEBAORNLHcB\nP5t/HMpjGaTzMJFPe5w6vZWlcpwIKRd+8nSegIPDFDRBjtgNjygGO66zqBT2PRyv\ndsFHztg8qiJcmIZwPd58kTf1i4AHzCAWmuRJJNKNJ6dlw18a1FZuXe6VQMP1fVDs\n434SASKrNkFjcPz6GFN8L8T5ZXEZSDhHPfv5RmypDhDW7e+nvHO2MwPjvbVjy300\nxp+htSSzBzo4aLkFOJBjPsNd+jqgYTQEnAdifbsfvuhT4difKX6+0n+JedIhNxWc\nk1Oryl9yl/RZSKvuV5qonDl64lNl+nrZLzxm1LAOho0jKavmcRfwicHpM/XBBIKf\nU9Y/1brqfx2wnXECggEBAMi4dukU4G3JvHyHbrv3cWRl5MZDzwIImIWUg08SQ+Uq\nOJLegk7TTLNtg5RHviWdLpIBGTcf9pd3qtE477X3H09KZ3UaQrHteYPSLsLCll+z\nrIDR494zfr2kJHKFBO8SX5CvQ2mfkI+FCqphI2lAsBnZHmzCj0W1b0zqJ1s+wQsu\nV1yC8yzMy/YaYZr4p8dj+q2tqm5eiZ1EWtVIRgIxpAWZALWarm1GnICVRSZOVXg2\nwRcj2PQJ7f998LSPvzwV2CMXZVwRtrFH77A1twmqUlcZ4QbyJ7aAfzNCNFx30qU/\nez7lVNg9C22SSTVJ5/XEZWfqcMXaPk8jsPPaitGSbkUCggEBAMGVmtWSDnB42V3X\nqEARIialAgiYWneQ4dzioo1UzJwMZqbTfMdOq6QR40ip+GOL3UNhBLLVKdp8XC1J\nS251m7OraxrD/5M2t0Ip2nF/GXnnd7y9illMVdzH8DMVxLpwfolrGQbMx534AFR4\nXzoU6xLnskbgL9VTMCw1puJprmqBlbC/rLiktv8W+RoY7asnqo4rf7m8TYvAX8wt\nrjw05r+0aKEuNmMMxgh+Q84K9o7gegJ4ybVQo1m+pD3f6rfQR6bhGUdPDDHPontK\nvQSpzJBVOp1eyZGH3G+hMkKG9KHABCsBNiBpJ4WmklEdWoI9jxycvYlRNpKecEnd\nW0o+n1ECggEAaSuWSqyAp6XzmABSejS9+lAVXfk7pyIf4KYfYzf70UCdIf9qoai/\nYKh6MCCjNgw00ZW3w5WA3H58R2Ig3+RbSG2A5e/bkGUQrYxcqfnRVtXLBjhzwAKV\nXwJ5gnPGUQn8ftAGb3qHAVxBaWK6bjTR0Mld0rji3zCg39k0w++OsLAYYEXQ6uFn\n4UyTZeLx7lyphYUgbvIkAv5E5coXvKCMA87We1FQIbvE1u7fq6GR0QpHhDtpOv1U\n8fDoRYOoPPBpLoHcvzAc3KkHovmSLYNL342UxdHuEwcjHxWKYAT8n08y4ZLCMQdT\nTJdAuqY93x2H0LobWt/ulALsfek9oW+rTQKCAQEAhR4AVSe9FqQYtr+DxUkWijlV\n3cbAsu8F1SE3WDP+l+4cBnBqVEeVGEoANDNwSoRHMPpj/TOt3ooa2kUYYeBW1obm\nPT+yaSiRb6BYuXZ0zJ3auukB6fqal5R+vKGBYcZlc24f3Qrw/+vBtlrlVVKy4Wtj\nJZqGamOmnNX08A21ZZOIvRlmE4uDSCGLbm1xA9gUYWZBfcfRdvSbFgrKAvfWMQiJ\n+6ePfGmMBAB5dbYrWhc/l6rdRJ/BjI5ZNqB+OGcjlBfbgzBR1c3bkyTwVpkkchnE\nXLlThygEv5fQKXFuHG5DV1aj4A38epuRedtSLm+qsQroK5quvAHVB8U3GfpOjQ==\n-----END RSA PRIVATE KEY-----\n",
            "content_base64": null,
            "content_base64sha256": "z/j+aVri73JXNRUyy3vgB5gMgBtTM2LtEB2M/UfHns4=",
            "content_base64sha512": "6N3ttw7pV95M3ABx6HlpzAifm0ucIqMxMK5LZ50EmrDTHl4V1MA6RVqz34KAxgbPBCMS8swESa6ggIP7nIPZVw==",
            "content_md5": "ca0e7358c4b61124a12064bd3b9b3673",
            "content_sha1": "98fff920aa14aa6a930ca4cddf5bd6cfa7c9267b",
            "content_sha256": "cff8fe695ae2ef7257351532cb7be007980c801b533362ed101d8cfd47c79ece",
            "content_sha512": "e8ddedb70ee957de4cdc0071e87969cc089f9b4b9c22a33130ae4b679d049ab0d31e5e15d4c03a455ab3df8280c606cf042312f2cc0449aea08083fb9c83d957",
            "directory_permission": "0777",
            "file_permission": "600",
            "filename": "lington_key.pem",
            "id": "98fff920aa14aa6a930ca4cddf5bd6cfa7c9267b",
            "sensitive_content": null,
            "source": null
          },
          "sensitive_attributes": [
            [
              {
                "type": "get_attr",
                "value": "content"
              }
            ]
          ],
          "dependencies": [
            "module.keypair.tls_private_key.Keypair"
          ]
        }
      ]
    },
    {
      "module": "module.keypair",
      "mode": "managed",
      "type": "tls_private_key",
      "name": "Keypair",
      "provider": "provider[\"registry.terraform.io/hashicorp/tls\"]",
      "instances": [
        {
          "schema_version": 1,
          "attributes": {
            "algorithm": "RSA",
            "ecdsa_curve": "P224",
            "id": "5ca2481f26cba0b39d41daccfd36158056afd7f6",
            "private_key_openssh": "-----BEGIN OPENSSH PRIVATE KEY-----\nb3BlbnNzaC1rZXktdjEAAAAABG5vbmUAAAAEbm9uZQAAAAAAAAABAAACFwAAAAdz\nc2gtcnNhAAAAAwEAAQAAAgEAswDMQF3dFv9/RExwMJoA3FQcZW9/cdDIxC1icZp1\n2Dj/yIuGdxSpN2mcoYUEIEkVKM3ji2rDDzrjPyP7uZdBQacFw3TORfMAfuHMwi68\nutBN+SbKIqUeRjh7esvHh51irxIkM8CHdtzzOtybF2ZeckrLsUyvcy8gwtiraxsU\nL4mhwFnKA2JfvGy3H/XYquHHmuF3k9NiQrZSs4C7m2pZdm83AYPXAVSCEUBI04ry\nr0NvZNA2l3cdBpi7woIKfGInBUbt/3qw6a8J5cqdz/EUik2bc5dvC4nwSJiJRxRN\nZePwpq+aVWQ50sibQnLSckc0vyl8wqeuwCe0Zmz71UHXqUKQZaQpOjQA6OBz82Bk\nzBygy5gmb/oZQqMulfGLck8qN+cl3//VbvpyWwPQDfDo5QhWEvCCfSdsormyPAuY\npAfVnnDCYvm2G5iIKy1nsMcU7H9ErLcNptpDE0WhjnozecoU+m6jK0GSO0v7lor3\nxFiP0EfSU1kQOK6UjYsZVISQNj3TuT5+A8GFsAdTnsbn0CuAcZNJaDwSDK2Jwj1J\nHpSXH0T3vDG0HgauLAAMO0UXvVCh8ATXUxdNvXMdZvPBFBe12kaP3oUHTEhMruuc\nH62bajU38HP5/cS6fnVFLR38WKCpXE5CVE9tZsxpAyFHJVvGW8uOLFM6+WoLMe+y\n/XUAAAc4lySQIpckkCIAAAAHc3NoLXJzYQAAAgEAswDMQF3dFv9/RExwMJoA3FQc\nZW9/cdDIxC1icZp12Dj/yIuGdxSpN2mcoYUEIEkVKM3ji2rDDzrjPyP7uZdBQacF\nw3TORfMAfuHMwi68utBN+SbKIqUeRjh7esvHh51irxIkM8CHdtzzOtybF2ZeckrL\nsUyvcy8gwtiraxsUL4mhwFnKA2JfvGy3H/XYquHHmuF3k9NiQrZSs4C7m2pZdm83\nAYPXAVSCEUBI04ryr0NvZNA2l3cdBpi7woIKfGInBUbt/3qw6a8J5cqdz/EUik2b\nc5dvC4nwSJiJRxRNZePwpq+aVWQ50sibQnLSckc0vyl8wqeuwCe0Zmz71UHXqUKQ\nZaQpOjQA6OBz82BkzBygy5gmb/oZQqMulfGLck8qN+cl3//VbvpyWwPQDfDo5QhW\nEvCCfSdsormyPAuYpAfVnnDCYvm2G5iIKy1nsMcU7H9ErLcNptpDE0WhjnozecoU\n+m6jK0GSO0v7lor3xFiP0EfSU1kQOK6UjYsZVISQNj3TuT5+A8GFsAdTnsbn0CuA\ncZNJaDwSDK2Jwj1JHpSXH0T3vDG0HgauLAAMO0UXvVCh8ATXUxdNvXMdZvPBFBe1\n2kaP3oUHTEhMruucH62bajU38HP5/cS6fnVFLR38WKCpXE5CVE9tZsxpAyFHJVvG\nW8uOLFM6+WoLMe+y/XUAAAADAQABAAACAQCS7/O6XpKPP1oUEX8CllhghHbu2TDP\nl+hGCU9HG9jijh+BWu8dLwuc3gfiGpOBgRxqa1/+4LuP8/H4sav/8+ZwYw97G5X7\nm3brsKTpPX5VB4sKG8pP2CTa1aCe80oty4bnWUf4Z3GLo+HRjqeM9M5QmY9NUjqv\nnZ8R8tP7zrWqNBtgDxSh5I3b2Y4VITUjSMUWIUCMSzfctVd73A+kiw83BiIsDzJd\n+CXwzUk6xVNjhUKaicRWX0OnV5bBGwhKhDOtxES3s9onaTUBuWoD+My4nu4dW9Ce\nszNYFEaT31mNayfvXDSfJe/FVEEGscSIZGUrCn5MN2Nefvk6Hvo2W58QBNRrlX/s\nueZvf8Rq3Z5Fnb8gOWJAaFjEroq9IAU7VLkcZURCIrLeE3fPkEt6AOLc4xbmUuc1\n8Zz5GUf8iYNpM9Qqa8SG4iGP5qp6H6mLiGwwWb9cq4D09RDMwU4jpJS0BBAEfg0r\ng/MMUPFHkol1eQ+9I6qEUjbl1+L3q3P4+EH068WFaMXHXSvT1jxCWHpZK4HW+Buk\n5SURgb9N0lJKjM+M1NnxD9jUYaJkat6HbSPh6A+/5DGjCCr/xvAc3L/xYWhXajlm\nMiBepjpgOGQ7et3rE1Yw5YUKcnWLf4igOR4ScvYgBIshvaPEOX5bhUiyvvsL/8vY\nqAq0NoBnc7xwwQAAAQEAhR4AVSe9FqQYtr+DxUkWijlV3cbAsu8F1SE3WDP+l+4c\nBnBqVEeVGEoANDNwSoRHMPpj/TOt3ooa2kUYYeBW1obmPT+yaSiRb6BYuXZ0zJ3a\nuukB6fqal5R+vKGBYcZlc24f3Qrw/+vBtlrlVVKy4WtjJZqGamOmnNX08A21ZZOI\nvRlmE4uDSCGLbm1xA9gUYWZBfcfRdvSbFgrKAvfWMQiJ+6ePfGmMBAB5dbYrWhc/\nl6rdRJ/BjI5ZNqB+OGcjlBfbgzBR1c3bkyTwVpkkchnEXLlThygEv5fQKXFuHG5D\nV1aj4A38epuRedtSLm+qsQroK5quvAHVB8U3GfpOjQAAAQEA5E0sdwE/m38cymMZ\npPMwkU97nDq9laVynAgpF37ydJ6Ag8MUNEGO2A2PKAY7rrOoFPY9HK92wUfO2Dyq\nIlyYhnA93nyRN/WLgAfMIBaa5Ekk0o0np2XDXxrUVm5d7pVAw/V9UOzjfhIBIqs2\nQWNw/PoYU3wvxPllcRlIOEc9+/lGbKkOENbt76e8c7YzA+O9tWPLfTTGn6G1JLMH\nOjhouQU4kGM+w136OqBhNAScB2J9ux++6FPh2J8pfr7Sf4l50iE3FZyTU6vKX3KX\n9FlIq+5XmqicOXriU2X6etkvPGbUsA6GjSMpq+ZxF/CJwekz9cEEgp9T1j/Vuup/\nHbCdcQAAAQEAyLh26RTgbcm8fIduu/dxZGXkxkPPAgiYhZSDTxJD5So4kt6CTtNM\ns22DlEe+JZ0ukgEZNx/2l3eq0TjvtfcfT0pndRpCse15g9IuwsKWX7OsgNHj3jN+\nvaQkcoUE7xJfkK9DaZ+Qj4UKqmEjaUCwGdkebMKPRbVvTOonWz7BCy5XXILzLMzL\n9hphmvinx2P6ra2qbl6JnURa1UhGAjGkBZkAtZqubUacgJVFJk5VeDbBFyPY9Ant\n/33wtI+/PBXYIxdlXBG2sUfvsDW3CapSVxnhBvIntoB/M0I0XHfSpT97PuVU2D0L\nbZJJNUnn9cRlZ+pwxdo+TyOw89qK0ZJuRQAAAAAB\n-----END OPENSSH PRIVATE KEY-----\n",
            "private_key_pem": "-----BEGIN RSA PRIVATE KEY-----\nMIIJKgIBAAKCAgEAswDMQF3dFv9/RExwMJoA3FQcZW9/cdDIxC1icZp12Dj/yIuG\ndxSpN2mcoYUEIEkVKM3ji2rDDzrjPyP7uZdBQacFw3TORfMAfuHMwi68utBN+SbK\nIqUeRjh7esvHh51irxIkM8CHdtzzOtybF2ZeckrLsUyvcy8gwtiraxsUL4mhwFnK\nA2JfvGy3H/XYquHHmuF3k9NiQrZSs4C7m2pZdm83AYPXAVSCEUBI04ryr0NvZNA2\nl3cdBpi7woIKfGInBUbt/3qw6a8J5cqdz/EUik2bc5dvC4nwSJiJRxRNZePwpq+a\nVWQ50sibQnLSckc0vyl8wqeuwCe0Zmz71UHXqUKQZaQpOjQA6OBz82BkzBygy5gm\nb/oZQqMulfGLck8qN+cl3//VbvpyWwPQDfDo5QhWEvCCfSdsormyPAuYpAfVnnDC\nYvm2G5iIKy1nsMcU7H9ErLcNptpDE0WhjnozecoU+m6jK0GSO0v7lor3xFiP0EfS\nU1kQOK6UjYsZVISQNj3TuT5+A8GFsAdTnsbn0CuAcZNJaDwSDK2Jwj1JHpSXH0T3\nvDG0HgauLAAMO0UXvVCh8ATXUxdNvXMdZvPBFBe12kaP3oUHTEhMruucH62bajU3\n8HP5/cS6fnVFLR38WKCpXE5CVE9tZsxpAyFHJVvGW8uOLFM6+WoLMe+y/XUCAwEA\nAQKCAgEAku/zul6Sjz9aFBF/ApZYYIR27tkwz5foRglPRxvY4o4fgVrvHS8LnN4H\n4hqTgYEcamtf/uC7j/Px+LGr//PmcGMPexuV+5t267Ck6T1+VQeLChvKT9gk2tWg\nnvNKLcuG51lH+Gdxi6Ph0Y6njPTOUJmPTVI6r52fEfLT+861qjQbYA8UoeSN29mO\nFSE1I0jFFiFAjEs33LVXe9wPpIsPNwYiLA8yXfgl8M1JOsVTY4VCmonEVl9Dp1eW\nwRsISoQzrcREt7PaJ2k1AblqA/jMuJ7uHVvQnrMzWBRGk99ZjWsn71w0nyXvxVRB\nBrHEiGRlKwp+TDdjXn75Oh76NlufEATUa5V/7Lnmb3/Eat2eRZ2/IDliQGhYxK6K\nvSAFO1S5HGVEQiKy3hN3z5BLegDi3OMW5lLnNfGc+RlH/ImDaTPUKmvEhuIhj+aq\neh+pi4hsMFm/XKuA9PUQzMFOI6SUtAQQBH4NK4PzDFDxR5KJdXkPvSOqhFI25dfi\n96tz+PhB9OvFhWjFx10r09Y8Qlh6WSuB1vgbpOUlEYG/TdJSSozPjNTZ8Q/Y1GGi\nZGreh20j4egPv+Qxowgq/8bwHNy/8WFoV2o5ZjIgXqY6YDhkO3rd6xNWMOWFCnJ1\ni3+IoDkeEnL2IASLIb2jxDl+W4VIsr77C//L2KgKtDaAZ3O8cMECggEBAORNLHcB\nP5t/HMpjGaTzMJFPe5w6vZWlcpwIKRd+8nSegIPDFDRBjtgNjygGO66zqBT2PRyv\ndsFHztg8qiJcmIZwPd58kTf1i4AHzCAWmuRJJNKNJ6dlw18a1FZuXe6VQMP1fVDs\n434SASKrNkFjcPz6GFN8L8T5ZXEZSDhHPfv5RmypDhDW7e+nvHO2MwPjvbVjy300\nxp+htSSzBzo4aLkFOJBjPsNd+jqgYTQEnAdifbsfvuhT4difKX6+0n+JedIhNxWc\nk1Oryl9yl/RZSKvuV5qonDl64lNl+nrZLzxm1LAOho0jKavmcRfwicHpM/XBBIKf\nU9Y/1brqfx2wnXECggEBAMi4dukU4G3JvHyHbrv3cWRl5MZDzwIImIWUg08SQ+Uq\nOJLegk7TTLNtg5RHviWdLpIBGTcf9pd3qtE477X3H09KZ3UaQrHteYPSLsLCll+z\nrIDR494zfr2kJHKFBO8SX5CvQ2mfkI+FCqphI2lAsBnZHmzCj0W1b0zqJ1s+wQsu\nV1yC8yzMy/YaYZr4p8dj+q2tqm5eiZ1EWtVIRgIxpAWZALWarm1GnICVRSZOVXg2\nwRcj2PQJ7f998LSPvzwV2CMXZVwRtrFH77A1twmqUlcZ4QbyJ7aAfzNCNFx30qU/\nez7lVNg9C22SSTVJ5/XEZWfqcMXaPk8jsPPaitGSbkUCggEBAMGVmtWSDnB42V3X\nqEARIialAgiYWneQ4dzioo1UzJwMZqbTfMdOq6QR40ip+GOL3UNhBLLVKdp8XC1J\nS251m7OraxrD/5M2t0Ip2nF/GXnnd7y9illMVdzH8DMVxLpwfolrGQbMx534AFR4\nXzoU6xLnskbgL9VTMCw1puJprmqBlbC/rLiktv8W+RoY7asnqo4rf7m8TYvAX8wt\nrjw05r+0aKEuNmMMxgh+Q84K9o7gegJ4ybVQo1m+pD3f6rfQR6bhGUdPDDHPontK\nvQSpzJBVOp1eyZGH3G+hMkKG9KHABCsBNiBpJ4WmklEdWoI9jxycvYlRNpKecEnd\nW0o+n1ECggEAaSuWSqyAp6XzmABSejS9+lAVXfk7pyIf4KYfYzf70UCdIf9qoai/\nYKh6MCCjNgw00ZW3w5WA3H58R2Ig3+RbSG2A5e/bkGUQrYxcqfnRVtXLBjhzwAKV\nXwJ5gnPGUQn8ftAGb3qHAVxBaWK6bjTR0Mld0rji3zCg39k0w++OsLAYYEXQ6uFn\n4UyTZeLx7lyphYUgbvIkAv5E5coXvKCMA87We1FQIbvE1u7fq6GR0QpHhDtpOv1U\n8fDoRYOoPPBpLoHcvzAc3KkHovmSLYNL342UxdHuEwcjHxWKYAT8n08y4ZLCMQdT\nTJdAuqY93x2H0LobWt/ulALsfek9oW+rTQKCAQEAhR4AVSe9FqQYtr+DxUkWijlV\n3cbAsu8F1SE3WDP+l+4cBnBqVEeVGEoANDNwSoRHMPpj/TOt3ooa2kUYYeBW1obm\nPT+yaSiRb6BYuXZ0zJ3auukB6fqal5R+vKGBYcZlc24f3Qrw/+vBtlrlVVKy4Wtj\nJZqGamOmnNX08A21ZZOIvRlmE4uDSCGLbm1xA9gUYWZBfcfRdvSbFgrKAvfWMQiJ\n+6ePfGmMBAB5dbYrWhc/l6rdRJ/BjI5ZNqB+OGcjlBfbgzBR1c3bkyTwVpkkchnE\nXLlThygEv5fQKXFuHG5DV1aj4A38epuRedtSLm+qsQroK5quvAHVB8U3GfpOjQ==\n-----END RSA PRIVATE KEY-----\n",
            "private_key_pem_pkcs8": "-----BEGIN PRIVATE KEY-----\nMIIJRAIBADANBgkqhkiG9w0BAQEFAASCCS4wggkqAgEAAoICAQCzAMxAXd0W/39E\nTHAwmgDcVBxlb39x0MjELWJxmnXYOP/Ii4Z3FKk3aZyhhQQgSRUozeOLasMPOuM/\nI/u5l0FBpwXDdM5F8wB+4czCLry60E35JsoipR5GOHt6y8eHnWKvEiQzwId23PM6\n3JsXZl5ySsuxTK9zLyDC2KtrGxQviaHAWcoDYl+8bLcf9diq4cea4XeT02JCtlKz\ngLuball2bzcBg9cBVIIRQEjTivKvQ29k0DaXdx0GmLvCggp8YicFRu3/erDprwnl\nyp3P8RSKTZtzl28LifBImIlHFE1l4/Cmr5pVZDnSyJtCctJyRzS/KXzCp67AJ7Rm\nbPvVQdepQpBlpCk6NADo4HPzYGTMHKDLmCZv+hlCoy6V8YtyTyo35yXf/9Vu+nJb\nA9AN8OjlCFYS8IJ9J2yiubI8C5ikB9WecMJi+bYbmIgrLWewxxTsf0Sstw2m2kMT\nRaGOejN5yhT6bqMrQZI7S/uWivfEWI/QR9JTWRA4rpSNixlUhJA2PdO5Pn4DwYWw\nB1OexufQK4Bxk0loPBIMrYnCPUkelJcfRPe8MbQeBq4sAAw7RRe9UKHwBNdTF029\ncx1m88EUF7XaRo/ehQdMSEyu65wfrZtqNTfwc/n9xLp+dUUtHfxYoKlcTkJUT21m\nzGkDIUclW8Zby44sUzr5agsx77L9dQIDAQABAoICAQCS7/O6XpKPP1oUEX8Cllhg\nhHbu2TDPl+hGCU9HG9jijh+BWu8dLwuc3gfiGpOBgRxqa1/+4LuP8/H4sav/8+Zw\nYw97G5X7m3brsKTpPX5VB4sKG8pP2CTa1aCe80oty4bnWUf4Z3GLo+HRjqeM9M5Q\nmY9NUjqvnZ8R8tP7zrWqNBtgDxSh5I3b2Y4VITUjSMUWIUCMSzfctVd73A+kiw83\nBiIsDzJd+CXwzUk6xVNjhUKaicRWX0OnV5bBGwhKhDOtxES3s9onaTUBuWoD+My4\nnu4dW9CeszNYFEaT31mNayfvXDSfJe/FVEEGscSIZGUrCn5MN2Nefvk6Hvo2W58Q\nBNRrlX/sueZvf8Rq3Z5Fnb8gOWJAaFjEroq9IAU7VLkcZURCIrLeE3fPkEt6AOLc\n4xbmUuc18Zz5GUf8iYNpM9Qqa8SG4iGP5qp6H6mLiGwwWb9cq4D09RDMwU4jpJS0\nBBAEfg0rg/MMUPFHkol1eQ+9I6qEUjbl1+L3q3P4+EH068WFaMXHXSvT1jxCWHpZ\nK4HW+Buk5SURgb9N0lJKjM+M1NnxD9jUYaJkat6HbSPh6A+/5DGjCCr/xvAc3L/x\nYWhXajlmMiBepjpgOGQ7et3rE1Yw5YUKcnWLf4igOR4ScvYgBIshvaPEOX5bhUiy\nvvsL/8vYqAq0NoBnc7xwwQKCAQEA5E0sdwE/m38cymMZpPMwkU97nDq9laVynAgp\nF37ydJ6Ag8MUNEGO2A2PKAY7rrOoFPY9HK92wUfO2DyqIlyYhnA93nyRN/WLgAfM\nIBaa5Ekk0o0np2XDXxrUVm5d7pVAw/V9UOzjfhIBIqs2QWNw/PoYU3wvxPllcRlI\nOEc9+/lGbKkOENbt76e8c7YzA+O9tWPLfTTGn6G1JLMHOjhouQU4kGM+w136OqBh\nNAScB2J9ux++6FPh2J8pfr7Sf4l50iE3FZyTU6vKX3KX9FlIq+5XmqicOXriU2X6\netkvPGbUsA6GjSMpq+ZxF/CJwekz9cEEgp9T1j/Vuup/HbCdcQKCAQEAyLh26RTg\nbcm8fIduu/dxZGXkxkPPAgiYhZSDTxJD5So4kt6CTtNMs22DlEe+JZ0ukgEZNx/2\nl3eq0TjvtfcfT0pndRpCse15g9IuwsKWX7OsgNHj3jN+vaQkcoUE7xJfkK9DaZ+Q\nj4UKqmEjaUCwGdkebMKPRbVvTOonWz7BCy5XXILzLMzL9hphmvinx2P6ra2qbl6J\nnURa1UhGAjGkBZkAtZqubUacgJVFJk5VeDbBFyPY9Ant/33wtI+/PBXYIxdlXBG2\nsUfvsDW3CapSVxnhBvIntoB/M0I0XHfSpT97PuVU2D0LbZJJNUnn9cRlZ+pwxdo+\nTyOw89qK0ZJuRQKCAQEAwZWa1ZIOcHjZXdeoQBEiJqUCCJhad5Dh3OKijVTMnAxm\nptN8x06rpBHjSKn4Y4vdQ2EEstUp2nxcLUlLbnWbs6trGsP/kza3QinacX8Zeed3\nvL2KWUxV3MfwMxXEunB+iWsZBszHnfgAVHhfOhTrEueyRuAv1VMwLDWm4mmuaoGV\nsL+suKS2/xb5Ghjtqyeqjit/ubxNi8BfzC2uPDTmv7RooS42YwzGCH5Dzgr2juB6\nAnjJtVCjWb6kPd/qt9BHpuEZR08MMc+ie0q9BKnMkFU6nV7JkYfcb6EyQob0ocAE\nKwE2IGknhaaSUR1agj2PHJy9iVE2kp5wSd1bSj6fUQKCAQBpK5ZKrICnpfOYAFJ6\nNL36UBVd+TunIh/gph9jN/vRQJ0h/2qhqL9gqHowIKM2DDTRlbfDlYDcfnxHYiDf\n5FtIbYDl79uQZRCtjFyp+dFW1csGOHPAApVfAnmCc8ZRCfx+0AZveocBXEFpYrpu\nNNHQyV3SuOLfMKDf2TTD746wsBhgRdDq4WfhTJNl4vHuXKmFhSBu8iQC/kTlyhe8\noIwDztZ7UVAhu8TW7t+roZHRCkeEO2k6/VTx8OhFg6g88Gkugdy/MBzcqQei+ZIt\ng0vfjZTF0e4TByMfFYpgBPyfTzLhksIxB1NMl0C6pj3fHYfQuhta3+6UAux96T2h\nb6tNAoIBAQCFHgBVJ70WpBi2v4PFSRaKOVXdxsCy7wXVITdYM/6X7hwGcGpUR5UY\nSgA0M3BKhEcw+mP9M63eihraRRhh4FbWhuY9P7JpKJFvoFi5dnTMndq66QHp+pqX\nlH68oYFhxmVzbh/dCvD/68G2WuVVUrLha2MlmoZqY6ac1fTwDbVlk4i9GWYTi4NI\nIYtubXED2BRhZkF9x9F29JsWCsoC99YxCIn7p498aYwEAHl1titaFz+Xqt1En8GM\njlk2oH44ZyOUF9uDMFHVzduTJPBWmSRyGcRcuVOHKAS/l9ApcW4cbkNXVqPgDfx6\nm5F521Iub6qxCugrmq68AdUHxTcZ+k6N\n-----END PRIVATE KEY-----\n",
            "public_key_fingerprint_md5": "c5:1c:fe:7d:77:c5:cc:df:cc:cd:fc:d5:74:8b:43:18",
            "public_key_fingerprint_sha256": "SHA256:DiYZn20KM/2/8oB557nPXI/A6fraXfscEzILX4EcB3k",
            "public_key_openssh": "ssh-rsa AAAAB3NzaC1yc2EAAAADAQABAAACAQCzAMxAXd0W/39ETHAwmgDcVBxlb39x0MjELWJxmnXYOP/Ii4Z3FKk3aZyhhQQgSRUozeOLasMPOuM/I/u5l0FBpwXDdM5F8wB+4czCLry60E35JsoipR5GOHt6y8eHnWKvEiQzwId23PM63JsXZl5ySsuxTK9zLyDC2KtrGxQviaHAWcoDYl+8bLcf9diq4cea4XeT02JCtlKzgLuball2bzcBg9cBVIIRQEjTivKvQ29k0DaXdx0GmLvCggp8YicFRu3/erDprwnlyp3P8RSKTZtzl28LifBImIlHFE1l4/Cmr5pVZDnSyJtCctJyRzS/KXzCp67AJ7RmbPvVQdepQpBlpCk6NADo4HPzYGTMHKDLmCZv+hlCoy6V8YtyTyo35yXf/9Vu+nJbA9AN8OjlCFYS8IJ9J2yiubI8C5ikB9WecMJi+bYbmIgrLWewxxTsf0Sstw2m2kMTRaGOejN5yhT6bqMrQZI7S/uWivfEWI/QR9JTWRA4rpSNixlUhJA2PdO5Pn4DwYWwB1OexufQK4Bxk0loPBIMrYnCPUkelJcfRPe8MbQeBq4sAAw7RRe9UKHwBNdTF029cx1m88EUF7XaRo/ehQdMSEyu65wfrZtqNTfwc/n9xLp+dUUtHfxYoKlcTkJUT21mzGkDIUclW8Zby44sUzr5agsx77L9dQ==\n",
            "public_key_pem": "-----BEGIN PUBLIC KEY-----\nMIICIjANBgkqhkiG9w0BAQEFAAOCAg8AMIICCgKCAgEAswDMQF3dFv9/RExwMJoA\n3FQcZW9/cdDIxC1icZp12Dj/yIuGdxSpN2mcoYUEIEkVKM3ji2rDDzrjPyP7uZdB\nQacFw3TORfMAfuHMwi68utBN+SbKIqUeRjh7esvHh51irxIkM8CHdtzzOtybF2Ze\nckrLsUyvcy8gwtiraxsUL4mhwFnKA2JfvGy3H/XYquHHmuF3k9NiQrZSs4C7m2pZ\ndm83AYPXAVSCEUBI04ryr0NvZNA2l3cdBpi7woIKfGInBUbt/3qw6a8J5cqdz/EU\nik2bc5dvC4nwSJiJRxRNZePwpq+aVWQ50sibQnLSckc0vyl8wqeuwCe0Zmz71UHX\nqUKQZaQpOjQA6OBz82BkzBygy5gmb/oZQqMulfGLck8qN+cl3//VbvpyWwPQDfDo\n5QhWEvCCfSdsormyPAuYpAfVnnDCYvm2G5iIKy1nsMcU7H9ErLcNptpDE0Whjnoz\necoU+m6jK0GSO0v7lor3xFiP0EfSU1kQOK6UjYsZVISQNj3TuT5+A8GFsAdTnsbn\n0CuAcZNJaDwSDK2Jwj1JHpSXH0T3vDG0HgauLAAMO0UXvVCh8ATXUxdNvXMdZvPB\nFBe12kaP3oUHTEhMruucH62bajU38HP5/cS6fnVFLR38WKCpXE5CVE9tZsxpAyFH\nJVvGW8uOLFM6+WoLMe+y/XUCAwEAAQ==\n-----END PUBLIC KEY-----\n",
            "rsa_bits": 4096
          },
          "sensitive_attributes": []
        }
      ]
    },
    {
      "module": "module.load-balancer",
      "mode": "managed",
      "type": "aws_elb",
      "name": "lb",
      "provider": "provider[\"registry.terraform.io/hashicorp/aws\"]",
      "instances": []
    },
    {
      "module": "module.load-balancer",
      "mode": "managed",
      "type": "aws_lb_listener",
      "name": "prod_lb_listener",
      "provider": "provider[\"registry.terraform.io/hashicorp/aws\"]",
      "instances": []
    },
    {
      "module": "module.load-balancer",
      "mode": "managed",
      "type": "aws_lb_listener",
      "name": "prod_lb_listener_https",
      "provider": "provider[\"registry.terraform.io/hashicorp/aws\"]",
      "instances": []
    },
    {
      "module": "module.load-balancer",
      "mode": "managed",
      "type": "aws_lb_listener",
      "name": "stage_lb_listener",
      "provider": "provider[\"registry.terraform.io/hashicorp/aws\"]",
      "instances": []
    },
    {
      "module": "module.load-balancer",
      "mode": "managed",
      "type": "aws_lb_listener",
      "name": "stage_lb_listener_https",
      "provider": "provider[\"registry.terraform.io/hashicorp/aws\"]",
      "instances": []
    },
    {
      "module": "module.load-balancer",
      "mode": "managed",
      "type": "aws_lb_target_group",
      "name": "prod_target-group",
      "provider": "provider[\"registry.terraform.io/hashicorp/aws\"]",
      "instances": [
        {
          "schema_version": 0,
          "attributes": {
            "arn": "arn:aws:elasticloadbalancing:eu-west-3:468887949677:targetgroup/prod-target-group/54c15506d3ab3dcd",
            "arn_suffix": "targetgroup/prod-target-group/54c15506d3ab3dcd",
            "connection_termination": null,
            "deregistration_delay": "300",
            "health_check": [
              {
                "enabled": true,
                "healthy_threshold": 3,
                "interval": 30,
                "matcher": "200",
                "path": "/",
                "port": "traffic-port",
                "protocol": "HTTP",
                "timeout": 5,
                "unhealthy_threshold": 5
              }
            ],
            "id": "arn:aws:elasticloadbalancing:eu-west-3:468887949677:targetgroup/prod-target-group/54c15506d3ab3dcd",
            "ip_address_type": "ipv4",
            "lambda_multi_value_headers_enabled": false,
            "load_balancing_algorithm_type": "round_robin",
            "load_balancing_cross_zone_enabled": "use_load_balancer_configuration",
            "name": "prod-target-group",
            "name_prefix": "",
            "port": 8080,
            "preserve_client_ip": null,
            "protocol": "HTTP",
            "protocol_version": "HTTP1",
            "proxy_protocol_v2": false,
            "slow_start": 0,
            "stickiness": [
              {
                "cookie_duration": 86400,
                "cookie_name": "",
                "enabled": false,
                "type": "lb_cookie"
              }
            ],
            "tags": null,
            "tags_all": {},
            "target_failover": [
              {
                "on_deregistration": null,
                "on_unhealthy": null
              }
            ],
            "target_health_state": [
              {
                "enable_unhealthy_connection_termination": null
              }
            ],
            "target_type": "instance",
            "vpc_id": "vpc-0c3f1837ac9421a1b"
          },
          "sensitive_attributes": [],
          "private": "bnVsbA==",
          "dependencies": [
            "module.vpc.aws_vpc.vpc"
          ]
        }
      ]
    },
    {
      "module": "module.load-balancer",
      "mode": "managed",
      "type": "aws_lb_target_group",
      "name": "stage_target_group",
      "provider": "provider[\"registry.terraform.io/hashicorp/aws\"]",
      "instances": [
        {
          "status": "tainted",
          "schema_version": 0,
          "attributes": {
            "arn": "arn:aws:elasticloadbalancing:eu-west-3:468887949677:targetgroup/tg-lb20231111212208430500000003/cb303c837fe4faa5",
            "arn_suffix": "targetgroup/tg-lb20231111212208430500000003/cb303c837fe4faa5",
            "connection_termination": null,
            "deregistration_delay": "300",
            "health_check": [
              {
                "enabled": true,
                "healthy_threshold": 3,
                "interval": 30,
                "matcher": "200",
                "path": "/",
                "port": "traffic-port",
                "protocol": "HTTP",
                "timeout": 5,
                "unhealthy_threshold": 5
              }
            ],
            "id": "arn:aws:elasticloadbalancing:eu-west-3:468887949677:targetgroup/tg-lb20231111212208430500000003/cb303c837fe4faa5",
            "ip_address_type": "ipv4",
            "lambda_multi_value_headers_enabled": false,
            "load_balancing_algorithm_type": null,
            "load_balancing_cross_zone_enabled": null,
            "name": "tg-lb20231111212208430500000003",
            "name_prefix": "tg-lb",
            "port": 8080,
            "preserve_client_ip": null,
            "protocol": "HTTP",
            "protocol_version": "HTTP1",
            "proxy_protocol_v2": false,
            "slow_start": 0,
            "stickiness": null,
            "tags": null,
            "tags_all": null,
            "target_failover": null,
            "target_health_state": null,
            "target_type": "instance",
            "vpc_id": "vpc-0c3f1837ac9421a1b"
          },
          "sensitive_attributes": [],
          "private": "bnVsbA==",
          "dependencies": [
            "module.vpc.aws_vpc.vpc"
          ]
        }
      ]
    },
    {
      "module": "module.route53",
      "mode": "data",
      "type": "aws_route53_zone",
      "name": "zone",
      "provider": "provider[\"registry.terraform.io/hashicorp/aws\"]",
      "instances": [
        {
          "schema_version": 0,
          "attributes": {
            "arn": "arn:aws:route53:::hostedzone/Z100932924NO2Y7EH44EW",
            "caller_reference": "524f82b1-1cf9-421f-b881-16166aa11d3d",
            "comment": "",
            "id": "Z100932924NO2Y7EH44EW",
            "linked_service_description": null,
            "linked_service_principal": null,
            "name": "greatestshalomventures.com",
            "name_servers": [
              "ns-336.awsdns-42.com",
              "ns-1337.awsdns-39.org",
              "ns-1825.awsdns-36.co.uk",
              "ns-705.awsdns-24.net"
            ],
            "primary_name_server": "ns-336.awsdns-42.com",
            "private_zone": false,
            "resource_record_set_count": 2,
            "tags": {},
            "vpc_id": null,
            "zone_id": "Z100932924NO2Y7EH44EW"
          },
          "sensitive_attributes": []
        }
      ]
    },
    {
      "module": "module.route53",
      "mode": "managed",
      "type": "aws_acm_certificate",
      "name": "certificate",
      "provider": "provider[\"registry.terraform.io/hashicorp/aws\"]",
      "instances": [
        {
          "status": "tainted",
          "schema_version": 0,
          "attributes": {
            "arn": null,
            "certificate_authority_arn": null,
            "certificate_body": null,
            "certificate_chain": null,
            "domain_name": "greatestshalomventures.com",
            "domain_validation_options": [
              {
                "domain_name": "*.greatestshalomventures.com",
                "resource_record_name": "",
                "resource_record_type": "",
                "resource_record_value": ""
              },
              {
                "domain_name": "greatestshalomventures.com",
                "resource_record_name": "",
                "resource_record_type": "",
                "resource_record_value": ""
              }
            ],
            "early_renewal_duration": null,
            "id": "arn:aws:acm:eu-west-3:468887949677:certificate/4c506b2b-9972-4531-a74a-638b131f81a5",
            "key_algorithm": null,
            "not_after": null,
            "not_before": null,
            "options": null,
            "pending_renewal": null,
            "private_key": null,
            "renewal_eligibility": null,
            "renewal_summary": null,
            "status": null,
            "subject_alternative_names": [
              "*.greatestshalomventures.com",
              "greatestshalomventures.com"
            ],
            "tags": {
              "Environment": "production"
            },
            "tags_all": {
              "Environment": "production"
            },
            "type": null,
            "validation_emails": null,
            "validation_method": "DNS",
            "validation_option": []
          },
          "sensitive_attributes": [],
          "private": "bnVsbA==",
          "create_before_destroy": true
        }
      ]
    },
    {
      "module": "module.route53",
      "mode": "managed",
      "type": "aws_acm_certificate_validation",
      "name": "cert-validation",
      "provider": "provider[\"registry.terraform.io/hashicorp/aws\"]",
      "instances": []
    },
    {
      "module": "module.route53",
      "mode": "managed",
      "type": "aws_route53_record",
      "name": "jenkins",
      "provider": "provider[\"registry.terraform.io/hashicorp/aws\"]",
      "instances": []
    },
    {
      "module": "module.route53",
      "mode": "managed",
      "type": "aws_route53_record",
      "name": "prod",
      "provider": "provider[\"registry.terraform.io/hashicorp/aws\"]",
      "instances": []
    },
    {
      "module": "module.route53",
      "mode": "managed",
      "type": "aws_route53_record",
      "name": "stage",
      "provider": "provider[\"registry.terraform.io/hashicorp/aws\"]",
      "instances": []
    },
    {
      "module": "module.vpc",
      "mode": "managed",
      "type": "aws_eip",
      "name": "eip",
      "provider": "provider[\"registry.terraform.io/hashicorp/aws\"]",
      "instances": [
        {
          "schema_version": 0,
          "attributes": {
            "address": null,
            "allocation_id": "eipalloc-026e49a62132c0e99",
            "associate_with_private_ip": null,
            "association_id": "",
            "carrier_ip": "",
            "customer_owned_ip": "",
            "customer_owned_ipv4_pool": "",
            "domain": "vpc",
            "id": "eipalloc-026e49a62132c0e99",
            "instance": "",
            "network_border_group": "eu-west-3",
            "network_interface": "",
            "private_dns": null,
            "private_ip": "",
            "public_dns": "ec2-13-36-181-33.eu-west-3.compute.amazonaws.com",
            "public_ip": "13.36.181.33",
            "public_ipv4_pool": "amazon",
            "tags": null,
            "tags_all": {},
            "timeouts": null,
            "vpc": true
          },
          "sensitive_attributes": [],
          "private": "eyJlMmJmYjczMC1lY2FhLTExZTYtOGY4OC0zNDM2M2JjN2M0YzAiOnsiZGVsZXRlIjoxODAwMDAwMDAwMDAsInJlYWQiOjkwMDAwMDAwMDAwMCwidXBkYXRlIjozMDAwMDAwMDAwMDB9fQ=="
        }
      ]
    },
    {
      "module": "module.vpc",
      "mode": "managed",
      "type": "aws_internet_gateway",
      "name": "igw",
      "provider": "provider[\"registry.terraform.io/hashicorp/aws\"]",
      "instances": [
        {
          "schema_version": 0,
          "attributes": {
            "arn": "arn:aws:ec2:eu-west-3:468887949677:internet-gateway/igw-028386ac74afb3401",
            "id": "igw-028386ac74afb3401",
            "owner_id": "468887949677",
            "tags": {
              "Name": "petclinic-igw"
            },
            "tags_all": {
              "Name": "petclinic-igw"
            },
            "timeouts": null,
            "vpc_id": "vpc-0c3f1837ac9421a1b"
          },
          "sensitive_attributes": [],
          "private": "eyJlMmJmYjczMC1lY2FhLTExZTYtOGY4OC0zNDM2M2JjN2M0YzAiOnsiY3JlYXRlIjoxMjAwMDAwMDAwMDAwLCJkZWxldGUiOjEyMDAwMDAwMDAwMDAsInVwZGF0ZSI6MTIwMDAwMDAwMDAwMH19",
          "dependencies": [
            "module.vpc.aws_vpc.vpc"
          ]
        }
      ]
    },
    {
      "module": "module.vpc",
      "mode": "managed",
      "type": "aws_nat_gateway",
      "name": "nat",
      "provider": "provider[\"registry.terraform.io/hashicorp/aws\"]",
      "instances": [
        {
          "status": "tainted",
          "schema_version": 0,
          "attributes": {
            "allocation_id": "eipalloc-026e49a62132c0e99",
            "association_id": null,
            "connectivity_type": "public",
            "id": "nat-05107631a153a5b60",
            "network_interface_id": null,
            "private_ip": null,
            "public_ip": null,
            "secondary_allocation_ids": null,
            "secondary_private_ip_address_count": null,
            "secondary_private_ip_addresses": [],
            "subnet_id": "subnet-04e3800290875c6a7",
            "tags": {
              "Name": "petclinic-nat-gateway"
            },
            "tags_all": {
              "Name": "petclinic-nat-gateway"
            },
            "timeouts": null
          },
          "sensitive_attributes": [],
          "private": "eyJlMmJmYjczMC1lY2FhLTExZTYtOGY4OC0zNDM2M2JjN2M0YzAiOnsiY3JlYXRlIjo2MDAwMDAwMDAwMDAsImRlbGV0ZSI6MTgwMDAwMDAwMDAwMCwidXBkYXRlIjo2MDAwMDAwMDAwMDB9fQ==",
          "dependencies": [
            "module.vpc.aws_eip.eip",
            "module.vpc.aws_subnet.pub-sn-01",
            "module.vpc.aws_vpc.vpc"
          ]
        }
      ]
    },
    {
      "module": "module.vpc",
      "mode": "managed",
      "type": "aws_route_table",
      "name": "PRT",
      "provider": "provider[\"registry.terraform.io/hashicorp/aws\"]",
      "instances": []
    },
    {
      "module": "module.vpc",
      "mode": "managed",
      "type": "aws_route_table",
      "name": "PUB-RT",
      "provider": "provider[\"registry.terraform.io/hashicorp/aws\"]",
      "instances": [
        {
          "schema_version": 0,
          "attributes": {
            "arn": "arn:aws:ec2:eu-west-3:468887949677:route-table/rtb-067ab772ae5ce993a",
            "id": "rtb-067ab772ae5ce993a",
            "owner_id": "468887949677",
            "propagating_vgws": [],
            "route": [
              {
                "carrier_gateway_id": "",
                "cidr_block": "0.0.0.0/0",
                "core_network_arn": "",
                "destination_prefix_list_id": "",
                "egress_only_gateway_id": "",
                "gateway_id": "igw-028386ac74afb3401",
                "ipv6_cidr_block": "",
                "local_gateway_id": "",
                "nat_gateway_id": "",
                "network_interface_id": "",
                "transit_gateway_id": "",
                "vpc_endpoint_id": "",
                "vpc_peering_connection_id": ""
              }
            ],
            "tags": {
              "Name": "petclinic-pub-rt"
            },
            "tags_all": {
              "Name": "petclinic-pub-rt"
            },
            "timeouts": null,
            "vpc_id": "vpc-0c3f1837ac9421a1b"
          },
          "sensitive_attributes": [],
          "private": "eyJlMmJmYjczMC1lY2FhLTExZTYtOGY4OC0zNDM2M2JjN2M0YzAiOnsiY3JlYXRlIjozMDAwMDAwMDAwMDAsImRlbGV0ZSI6MzAwMDAwMDAwMDAwLCJ1cGRhdGUiOjEyMDAwMDAwMDAwMH19",
          "dependencies": [
            "module.vpc.aws_internet_gateway.igw",
            "module.vpc.aws_vpc.vpc"
          ]
        }
      ]
    },
    {
      "module": "module.vpc",
      "mode": "managed",
      "type": "aws_route_table_association",
      "name": "PRT1-associated",
      "provider": "provider[\"registry.terraform.io/hashicorp/aws\"]",
      "instances": []
    },
    {
      "module": "module.vpc",
      "mode": "managed",
      "type": "aws_route_table_association",
      "name": "PRT2-associated",
      "provider": "provider[\"registry.terraform.io/hashicorp/aws\"]",
      "instances": []
    },
    {
      "module": "module.vpc",
      "mode": "managed",
      "type": "aws_route_table_association",
      "name": "PUB-RT1-associated",
      "provider": "provider[\"registry.terraform.io/hashicorp/aws\"]",
      "instances": [
        {
          "schema_version": 0,
          "attributes": {
            "gateway_id": "",
            "id": "rtbassoc-03a66c0493cf4fdd0",
            "route_table_id": "rtb-067ab772ae5ce993a",
            "subnet_id": "subnet-04e3800290875c6a7",
            "timeouts": null
          },
          "sensitive_attributes": [],
          "private": "eyJlMmJmYjczMC1lY2FhLTExZTYtOGY4OC0zNDM2M2JjN2M0YzAiOnsiY3JlYXRlIjozMDAwMDAwMDAwMDAsImRlbGV0ZSI6MzAwMDAwMDAwMDAwLCJ1cGRhdGUiOjEyMDAwMDAwMDAwMH19",
          "dependencies": [
            "module.vpc.aws_internet_gateway.igw",
            "module.vpc.aws_route_table.PUB-RT",
            "module.vpc.aws_subnet.pub-sn-01",
            "module.vpc.aws_vpc.vpc"
          ]
        }
      ]
    },
    {
      "module": "module.vpc",
      "mode": "managed",
      "type": "aws_route_table_association",
      "name": "PUB-RT2-associated",
      "provider": "provider[\"registry.terraform.io/hashicorp/aws\"]",
      "instances": [
        {
          "schema_version": 0,
          "attributes": {
            "gateway_id": "",
            "id": "rtbassoc-0800e1c3fb00ce9c0",
            "route_table_id": "rtb-067ab772ae5ce993a",
            "subnet_id": "subnet-046157a7ff0776ecf",
            "timeouts": null
          },
          "sensitive_attributes": [],
          "private": "eyJlMmJmYjczMC1lY2FhLTExZTYtOGY4OC0zNDM2M2JjN2M0YzAiOnsiY3JlYXRlIjozMDAwMDAwMDAwMDAsImRlbGV0ZSI6MzAwMDAwMDAwMDAwLCJ1cGRhdGUiOjEyMDAwMDAwMDAwMH19",
          "dependencies": [
            "module.vpc.aws_internet_gateway.igw",
            "module.vpc.aws_route_table.PUB-RT",
            "module.vpc.aws_subnet.pub-sn-02",
            "module.vpc.aws_vpc.vpc"
          ]
        }
      ]
    },
    {
      "module": "module.vpc",
      "mode": "managed",
      "type": "aws_security_group",
      "name": "Bastion-Ansible_SG",
      "provider": "provider[\"registry.terraform.io/hashicorp/aws\"]",
      "instances": [
        {
          "schema_version": 1,
          "attributes": {
            "arn": "arn:aws:ec2:eu-west-3:468887949677:security-group/sg-07577e65ffdebf747",
            "description": "Allow TLS inbound traffic",
            "egress": [
              {
                "cidr_blocks": [
                  "0.0.0.0/0"
                ],
                "description": "",
                "from_port": 0,
                "ipv6_cidr_blocks": [],
                "prefix_list_ids": [],
                "protocol": "-1",
                "security_groups": [],
                "self": false,
                "to_port": 0
              }
            ],
            "id": "sg-07577e65ffdebf747",
            "ingress": [
              {
                "cidr_blocks": [
                  "0.0.0.0/0"
                ],
                "description": "Allow proxy access",
                "from_port": 22,
                "ipv6_cidr_blocks": [],
                "prefix_list_ids": [],
                "protocol": "tcp",
                "security_groups": [],
                "self": false,
                "to_port": 22
              }
            ],
            "name": "petclinic-Bastion-Ansible",
            "name_prefix": "",
            "owner_id": "468887949677",
            "revoke_rules_on_delete": false,
            "tags": {
              "Name": "petclinicBastion-Ansible-sg"
            },
            "tags_all": {
              "Name": "petclinicBastion-Ansible-sg"
            },
            "timeouts": null,
            "vpc_id": "vpc-0c3f1837ac9421a1b"
          },
          "sensitive_attributes": [],
          "private": "eyJlMmJmYjczMC1lY2FhLTExZTYtOGY4OC0zNDM2M2JjN2M0YzAiOnsiY3JlYXRlIjo2MDAwMDAwMDAwMDAsImRlbGV0ZSI6OTAwMDAwMDAwMDAwfSwic2NoZW1hX3ZlcnNpb24iOiIxIn0=",
          "dependencies": [
            "module.vpc.aws_vpc.vpc"
          ]
        }
      ]
    },
    {
      "module": "module.vpc",
      "mode": "managed",
      "type": "aws_security_group",
      "name": "Docker_SG",
      "provider": "provider[\"registry.terraform.io/hashicorp/aws\"]",
      "instances": [
        {
          "schema_version": 1,
          "attributes": {
            "arn": "arn:aws:ec2:eu-west-3:468887949677:security-group/sg-003098cab328574d7",
            "description": "Allow TLS inbound traffic",
            "egress": [
              {
                "cidr_blocks": [
                  "0.0.0.0/0"
                ],
                "description": "",
                "from_port": 0,
                "ipv6_cidr_blocks": [],
                "prefix_list_ids": [],
                "protocol": "-1",
                "security_groups": [],
                "self": false,
                "to_port": 0
              }
            ],
            "id": "sg-003098cab328574d7",
            "ingress": [
              {
                "cidr_blocks": [
                  "0.0.0.0/0"
                ],
                "description": "Allow http access",
                "from_port": 80,
                "ipv6_cidr_blocks": [],
                "prefix_list_ids": [],
                "protocol": "tcp",
                "security_groups": [],
                "self": false,
                "to_port": 80
              },
              {
                "cidr_blocks": [
                  "0.0.0.0/0"
                ],
                "description": "Allow https access",
                "from_port": 443,
                "ipv6_cidr_blocks": [],
                "prefix_list_ids": [],
                "protocol": "tcp",
                "security_groups": [],
                "self": false,
                "to_port": 443
              },
              {
                "cidr_blocks": [
                  "0.0.0.0/0"
                ],
                "description": "Allow proxy access",
                "from_port": 8080,
                "ipv6_cidr_blocks": [],
                "prefix_list_ids": [],
                "protocol": "tcp",
                "security_groups": [],
                "self": false,
                "to_port": 8080
              },
              {
                "cidr_blocks": [
                  "0.0.0.0/0"
                ],
                "description": "Allow ssh access",
                "from_port": 22,
                "ipv6_cidr_blocks": [],
                "prefix_list_ids": [],
                "protocol": "tcp",
                "security_groups": [],
                "self": false,
                "to_port": 22
              }
            ],
            "name": "petclinic-Docker",
            "name_prefix": "",
            "owner_id": "468887949677",
            "revoke_rules_on_delete": false,
            "tags": {
              "Name": "petclinic-Docker-sg"
            },
            "tags_all": {
              "Name": "petclinic-Docker-sg"
            },
            "timeouts": null,
            "vpc_id": "vpc-0c3f1837ac9421a1b"
          },
          "sensitive_attributes": [],
          "private": "eyJlMmJmYjczMC1lY2FhLTExZTYtOGY4OC0zNDM2M2JjN2M0YzAiOnsiY3JlYXRlIjo2MDAwMDAwMDAwMDAsImRlbGV0ZSI6OTAwMDAwMDAwMDAwfSwic2NoZW1hX3ZlcnNpb24iOiIxIn0=",
          "dependencies": [
            "module.vpc.aws_vpc.vpc"
          ]
        }
      ]
    },
    {
      "module": "module.vpc",
      "mode": "managed",
      "type": "aws_security_group",
      "name": "Jenkins_SG",
      "provider": "provider[\"registry.terraform.io/hashicorp/aws\"]",
      "instances": [
        {
          "status": "tainted",
          "schema_version": 1,
          "attributes": {
            "arn": null,
            "description": "Allow TLS inbound traffic",
            "egress": [
              {
                "cidr_blocks": [
                  "0.0.0.0/0"
                ],
                "description": "",
                "from_port": 0,
                "ipv6_cidr_blocks": [],
                "prefix_list_ids": [],
                "protocol": "-1",
                "security_groups": [],
                "self": false,
                "to_port": 0
              }
            ],
            "id": "sg-0a12f4719ff82a3f3",
            "ingress": [
              {
                "cidr_blocks": [
                  "0.0.0.0/0"
                ],
                "description": "Allow proxy access",
                "from_port": 8080,
                "ipv6_cidr_blocks": [],
                "prefix_list_ids": [],
                "protocol": "tcp",
                "security_groups": [],
                "self": false,
                "to_port": 8080
              },
              {
                "cidr_blocks": [
                  "0.0.0.0/0"
                ],
                "description": "Allow proxy access",
                "from_port": 80,
                "ipv6_cidr_blocks": [],
                "prefix_list_ids": [],
                "protocol": "tcp",
                "security_groups": [],
                "self": false,
                "to_port": 80
              },
              {
                "cidr_blocks": [
                  "0.0.0.0/0"
                ],
                "description": "Allow ssh access",
                "from_port": 22,
                "ipv6_cidr_blocks": [],
                "prefix_list_ids": [],
                "protocol": "tcp",
                "security_groups": [],
                "self": false,
                "to_port": 22
              }
            ],
            "name": "petclinic-Jenkins",
            "name_prefix": null,
            "owner_id": null,
            "revoke_rules_on_delete": false,
            "tags": {
              "Name": "petclinic-Jenkins-sg"
            },
            "tags_all": {
              "Name": "petclinic-Jenkins-sg"
            },
            "timeouts": null,
            "vpc_id": "vpc-0c3f1837ac9421a1b"
          },
          "sensitive_attributes": [],
          "private": "eyJlMmJmYjczMC1lY2FhLTExZTYtOGY4OC0zNDM2M2JjN2M0YzAiOnsiY3JlYXRlIjo2MDAwMDAwMDAwMDAsImRlbGV0ZSI6OTAwMDAwMDAwMDAwfSwic2NoZW1hX3ZlcnNpb24iOiIxIn0=",
          "dependencies": [
            "module.vpc.aws_vpc.vpc"
          ]
        }
      ]
    },
    {
      "module": "module.vpc",
      "mode": "managed",
      "type": "aws_security_group",
      "name": "MYSQL_RDS_SG",
      "provider": "provider[\"registry.terraform.io/hashicorp/aws\"]",
      "instances": [
        {
          "schema_version": 1,
          "attributes": {
            "arn": "arn:aws:ec2:eu-west-3:468887949677:security-group/sg-02e346101ecb3dbe6",
            "description": "Allow TLS inbound traffic",
            "egress": [
              {
                "cidr_blocks": [
                  "0.0.0.0/0"
                ],
                "description": "",
                "from_port": 0,
                "ipv6_cidr_blocks": [],
                "prefix_list_ids": [],
                "protocol": "-1",
                "security_groups": [],
                "self": false,
                "to_port": 0
              }
            ],
            "id": "sg-02e346101ecb3dbe6",
            "ingress": [
              {
                "cidr_blocks": [
                  "0.0.0.0/0"
                ],
                "description": "Allow MYSQL access",
                "from_port": 3306,
                "ipv6_cidr_blocks": [],
                "prefix_list_ids": [],
                "protocol": "tcp",
                "security_groups": [],
                "self": false,
                "to_port": 3306
              }
            ],
            "name": "petclinic-MYSQL_RDS",
            "name_prefix": "",
            "owner_id": "468887949677",
            "revoke_rules_on_delete": false,
            "tags": {
              "Name": "petclinic-MYSQL-RDS-sg"
            },
            "tags_all": {
              "Name": "petclinic-MYSQL-RDS-sg"
            },
            "timeouts": null,
            "vpc_id": "vpc-0c3f1837ac9421a1b"
          },
          "sensitive_attributes": [],
          "private": "eyJlMmJmYjczMC1lY2FhLTExZTYtOGY4OC0zNDM2M2JjN2M0YzAiOnsiY3JlYXRlIjo2MDAwMDAwMDAwMDAsImRlbGV0ZSI6OTAwMDAwMDAwMDAwfSwic2NoZW1hX3ZlcnNpb24iOiIxIn0=",
          "dependencies": [
            "module.vpc.aws_vpc.vpc"
          ]
        }
      ]
    },
    {
      "module": "module.vpc",
      "mode": "managed",
      "type": "aws_security_group",
      "name": "Nexus_SG",
      "provider": "provider[\"registry.terraform.io/hashicorp/aws\"]",
      "instances": [
        {
          "schema_version": 1,
          "attributes": {
            "arn": "arn:aws:ec2:eu-west-3:468887949677:security-group/sg-0b5b142c89dfa3e87",
            "description": "Allow TLS inbound traffic",
            "egress": [
              {
                "cidr_blocks": [
                  "0.0.0.0/0"
                ],
                "description": "",
                "from_port": 0,
                "ipv6_cidr_blocks": [],
                "prefix_list_ids": [],
                "protocol": "-1",
                "security_groups": [],
                "self": false,
                "to_port": 0
              }
            ],
            "id": "sg-0b5b142c89dfa3e87",
            "ingress": [
              {
                "cidr_blocks": [
                  "0.0.0.0/0"
                ],
                "description": "Allow nexus access",
                "from_port": 8081,
                "ipv6_cidr_blocks": [],
                "prefix_list_ids": [],
                "protocol": "tcp",
                "security_groups": [],
                "self": false,
                "to_port": 8081
              },
              {
                "cidr_blocks": [
                  "0.0.0.0/0"
                ],
                "description": "Allow nexus access",
                "from_port": 8085,
                "ipv6_cidr_blocks": [],
                "prefix_list_ids": [],
                "protocol": "tcp",
                "security_groups": [],
                "self": false,
                "to_port": 8085
              },
              {
                "cidr_blocks": [
                  "0.0.0.0/0"
                ],
                "description": "Allow ssh Access",
                "from_port": 22,
                "ipv6_cidr_blocks": [],
                "prefix_list_ids": [],
                "protocol": "tcp",
                "security_groups": [],
                "self": false,
                "to_port": 22
              }
            ],
            "name": "petclinic-Nexus",
            "name_prefix": "",
            "owner_id": "468887949677",
            "revoke_rules_on_delete": false,
            "tags": {
              "Name": "petclinic-Nexus-sg"
            },
            "tags_all": {
              "Name": "petclinic-Nexus-sg"
            },
            "timeouts": null,
            "vpc_id": "vpc-0c3f1837ac9421a1b"
          },
          "sensitive_attributes": [],
          "private": "eyJlMmJmYjczMC1lY2FhLTExZTYtOGY4OC0zNDM2M2JjN2M0YzAiOnsiY3JlYXRlIjo2MDAwMDAwMDAwMDAsImRlbGV0ZSI6OTAwMDAwMDAwMDAwfSwic2NoZW1hX3ZlcnNpb24iOiIxIn0=",
          "dependencies": [
            "module.vpc.aws_vpc.vpc"
          ]
        }
      ]
    },
    {
      "module": "module.vpc",
      "mode": "managed",
      "type": "aws_security_group",
      "name": "Sonarqube_SG",
      "provider": "provider[\"registry.terraform.io/hashicorp/aws\"]",
      "instances": [
        {
          "schema_version": 1,
          "attributes": {
            "arn": "arn:aws:ec2:eu-west-3:468887949677:security-group/sg-091a2302b16213212",
            "description": "Allow TLS inbound traffic",
            "egress": [
              {
                "cidr_blocks": [
                  "0.0.0.0/0"
                ],
                "description": "",
                "from_port": 0,
                "ipv6_cidr_blocks": [],
                "prefix_list_ids": [],
                "protocol": "-1",
                "security_groups": [],
                "self": false,
                "to_port": 0
              }
            ],
            "id": "sg-091a2302b16213212",
            "ingress": [
              {
                "cidr_blocks": [
                  "0.0.0.0/0"
                ],
                "description": "Allow sonarqube access",
                "from_port": 9000,
                "ipv6_cidr_blocks": [],
                "prefix_list_ids": [],
                "protocol": "tcp",
                "security_groups": [],
                "self": false,
                "to_port": 9000
              },
              {
                "cidr_blocks": [
                  "0.0.0.0/0"
                ],
                "description": "Allow ssh access",
                "from_port": 22,
                "ipv6_cidr_blocks": [],
                "prefix_list_ids": [],
                "protocol": "tcp",
                "security_groups": [],
                "self": false,
                "to_port": 22
              }
            ],
            "name": "petclinic-Sonarqube",
            "name_prefix": "",
            "owner_id": "468887949677",
            "revoke_rules_on_delete": false,
            "tags": {
              "Name": "petclinicSonarqube-sg"
            },
            "tags_all": {
              "Name": "petclinicSonarqube-sg"
            },
            "timeouts": null,
            "vpc_id": "vpc-0c3f1837ac9421a1b"
          },
          "sensitive_attributes": [],
          "private": "eyJlMmJmYjczMC1lY2FhLTExZTYtOGY4OC0zNDM2M2JjN2M0YzAiOnsiY3JlYXRlIjo2MDAwMDAwMDAwMDAsImRlbGV0ZSI6OTAwMDAwMDAwMDAwfSwic2NoZW1hX3ZlcnNpb24iOiIxIn0=",
          "dependencies": [
            "module.vpc.aws_vpc.vpc"
          ]
        }
      ]
    },
    {
      "module": "module.vpc",
      "mode": "managed",
      "type": "aws_subnet",
      "name": "prv-sn-01",
      "provider": "provider[\"registry.terraform.io/hashicorp/aws\"]",
      "instances": [
        {
          "schema_version": 1,
          "attributes": {
            "arn": "arn:aws:ec2:eu-west-3:468887949677:subnet/subnet-0082a8f05322440b1",
            "assign_ipv6_address_on_creation": false,
            "availability_zone": "eu-west-3a",
            "availability_zone_id": "euw3-az1",
            "cidr_block": "10.0.3.0/24",
            "customer_owned_ipv4_pool": "",
            "enable_dns64": false,
            "enable_lni_at_device_index": 0,
            "enable_resource_name_dns_a_record_on_launch": false,
            "enable_resource_name_dns_aaaa_record_on_launch": false,
            "id": "subnet-0082a8f05322440b1",
            "ipv6_cidr_block": "",
            "ipv6_cidr_block_association_id": "",
            "ipv6_native": false,
            "map_customer_owned_ip_on_launch": false,
            "map_public_ip_on_launch": false,
            "outpost_arn": "",
            "owner_id": "468887949677",
            "private_dns_hostname_type_on_launch": "ip-name",
            "tags": {
              "Name": "petclinic-prv-sub-01"
            },
            "tags_all": {
              "Name": "petclinic-prv-sub-01"
            },
            "timeouts": null,
            "vpc_id": "vpc-0c3f1837ac9421a1b"
          },
          "sensitive_attributes": [],
          "private": "eyJlMmJmYjczMC1lY2FhLTExZTYtOGY4OC0zNDM2M2JjN2M0YzAiOnsiY3JlYXRlIjo2MDAwMDAwMDAwMDAsImRlbGV0ZSI6MTIwMDAwMDAwMDAwMH0sInNjaGVtYV92ZXJzaW9uIjoiMSJ9",
          "dependencies": [
            "module.vpc.aws_vpc.vpc"
          ]
        }
      ]
    },
    {
      "module": "module.vpc",
      "mode": "managed",
      "type": "aws_subnet",
      "name": "prv-sn-02",
      "provider": "provider[\"registry.terraform.io/hashicorp/aws\"]",
      "instances": [
        {
          "schema_version": 1,
          "attributes": {
            "arn": "arn:aws:ec2:eu-west-3:468887949677:subnet/subnet-0aa31298b5be508c7",
            "assign_ipv6_address_on_creation": false,
            "availability_zone": "eu-west-3b",
            "availability_zone_id": "euw3-az2",
            "cidr_block": "10.0.4.0/24",
            "customer_owned_ipv4_pool": "",
            "enable_dns64": false,
            "enable_lni_at_device_index": 0,
            "enable_resource_name_dns_a_record_on_launch": false,
            "enable_resource_name_dns_aaaa_record_on_launch": false,
            "id": "subnet-0aa31298b5be508c7",
            "ipv6_cidr_block": "",
            "ipv6_cidr_block_association_id": "",
            "ipv6_native": false,
            "map_customer_owned_ip_on_launch": false,
            "map_public_ip_on_launch": false,
            "outpost_arn": "",
            "owner_id": "468887949677",
            "private_dns_hostname_type_on_launch": "ip-name",
            "tags": {
              "Name": "petclinic-prv-sub-01"
            },
            "tags_all": {
              "Name": "petclinic-prv-sub-01"
            },
            "timeouts": null,
            "vpc_id": "vpc-0c3f1837ac9421a1b"
          },
          "sensitive_attributes": [],
          "private": "eyJlMmJmYjczMC1lY2FhLTExZTYtOGY4OC0zNDM2M2JjN2M0YzAiOnsiY3JlYXRlIjo2MDAwMDAwMDAwMDAsImRlbGV0ZSI6MTIwMDAwMDAwMDAwMH0sInNjaGVtYV92ZXJzaW9uIjoiMSJ9",
          "dependencies": [
            "module.vpc.aws_vpc.vpc"
          ]
        }
      ]
    },
    {
      "module": "module.vpc",
      "mode": "managed",
      "type": "aws_subnet",
      "name": "pub-sn-01",
      "provider": "provider[\"registry.terraform.io/hashicorp/aws\"]",
      "instances": [
        {
          "schema_version": 1,
          "attributes": {
            "arn": "arn:aws:ec2:eu-west-3:468887949677:subnet/subnet-04e3800290875c6a7",
            "assign_ipv6_address_on_creation": false,
            "availability_zone": "eu-west-3a",
            "availability_zone_id": "euw3-az1",
            "cidr_block": "10.0.1.0/24",
            "customer_owned_ipv4_pool": "",
            "enable_dns64": false,
            "enable_lni_at_device_index": 0,
            "enable_resource_name_dns_a_record_on_launch": false,
            "enable_resource_name_dns_aaaa_record_on_launch": false,
            "id": "subnet-04e3800290875c6a7",
            "ipv6_cidr_block": "",
            "ipv6_cidr_block_association_id": "",
            "ipv6_native": false,
            "map_customer_owned_ip_on_launch": false,
            "map_public_ip_on_launch": false,
            "outpost_arn": "",
            "owner_id": "468887949677",
            "private_dns_hostname_type_on_launch": "ip-name",
            "tags": {
              "Name": "petclinic-pub-sub-01"
            },
            "tags_all": {
              "Name": "petclinic-pub-sub-01"
            },
            "timeouts": null,
            "vpc_id": "vpc-0c3f1837ac9421a1b"
          },
          "sensitive_attributes": [],
          "private": "eyJlMmJmYjczMC1lY2FhLTExZTYtOGY4OC0zNDM2M2JjN2M0YzAiOnsiY3JlYXRlIjo2MDAwMDAwMDAwMDAsImRlbGV0ZSI6MTIwMDAwMDAwMDAwMH0sInNjaGVtYV92ZXJzaW9uIjoiMSJ9",
          "dependencies": [
            "module.vpc.aws_vpc.vpc"
          ]
        }
      ]
    },
    {
      "module": "module.vpc",
      "mode": "managed",
      "type": "aws_subnet",
      "name": "pub-sn-02",
      "provider": "provider[\"registry.terraform.io/hashicorp/aws\"]",
      "instances": [
        {
          "schema_version": 1,
          "attributes": {
            "arn": "arn:aws:ec2:eu-west-3:468887949677:subnet/subnet-046157a7ff0776ecf",
            "assign_ipv6_address_on_creation": false,
            "availability_zone": "eu-west-3b",
            "availability_zone_id": "euw3-az2",
            "cidr_block": "10.0.2.0/24",
            "customer_owned_ipv4_pool": "",
            "enable_dns64": false,
            "enable_lni_at_device_index": 0,
            "enable_resource_name_dns_a_record_on_launch": false,
            "enable_resource_name_dns_aaaa_record_on_launch": false,
            "id": "subnet-046157a7ff0776ecf",
            "ipv6_cidr_block": "",
            "ipv6_cidr_block_association_id": "",
            "ipv6_native": false,
            "map_customer_owned_ip_on_launch": false,
            "map_public_ip_on_launch": false,
            "outpost_arn": "",
            "owner_id": "468887949677",
            "private_dns_hostname_type_on_launch": "ip-name",
            "tags": {
              "Name": "petclinic-pub-sub-02"
            },
            "tags_all": {
              "Name": "petclinic-pub-sub-02"
            },
            "timeouts": null,
            "vpc_id": "vpc-0c3f1837ac9421a1b"
          },
          "sensitive_attributes": [],
          "private": "eyJlMmJmYjczMC1lY2FhLTExZTYtOGY4OC0zNDM2M2JjN2M0YzAiOnsiY3JlYXRlIjo2MDAwMDAwMDAwMDAsImRlbGV0ZSI6MTIwMDAwMDAwMDAwMH0sInNjaGVtYV92ZXJzaW9uIjoiMSJ9",
          "dependencies": [
            "module.vpc.aws_vpc.vpc"
          ]
        }
      ]
    },
    {
      "module": "module.vpc",
      "mode": "managed",
      "type": "aws_vpc",
      "name": "vpc",
      "provider": "provider[\"registry.terraform.io/hashicorp/aws\"]",
      "instances": [
        {
          "schema_version": 1,
          "attributes": {
            "arn": "arn:aws:ec2:eu-west-3:468887949677:vpc/vpc-0c3f1837ac9421a1b",
            "assign_generated_ipv6_cidr_block": false,
            "cidr_block": "10.0.0.0/16",
            "default_network_acl_id": "acl-0a02c4f1872dc5330",
            "default_route_table_id": "rtb-03a862922cdca0e0d",
            "default_security_group_id": "sg-01a8df40df88fc1da",
            "dhcp_options_id": "dopt-03afbbf3c03069842",
            "enable_dns_hostnames": false,
            "enable_dns_support": true,
            "enable_network_address_usage_metrics": false,
            "id": "vpc-0c3f1837ac9421a1b",
            "instance_tenancy": "default",
            "ipv4_ipam_pool_id": null,
            "ipv4_netmask_length": null,
            "ipv6_association_id": "",
            "ipv6_cidr_block": "",
            "ipv6_cidr_block_network_border_group": "",
            "ipv6_ipam_pool_id": "",
            "ipv6_netmask_length": 0,
            "main_route_table_id": "rtb-03a862922cdca0e0d",
            "owner_id": "468887949677",
            "tags": {
              "Name": "petclinic-vpc"
            },
            "tags_all": {
              "Name": "petclinic-vpc"
            }
          },
          "sensitive_attributes": [],
          "private": "eyJzY2hlbWFfdmVyc2lvbiI6IjEifQ=="
        }
      ]
    }
  ],
  "check_results": null
}
